{
  "pins" : [
    {
      "identity" : "bluetooth",
      "kind" : "remoteSourceControl",
      "location" : "https://github.com/PureSwift/Bluetooth.git",
      "state" : {
        "revision" : "88943f1edfd9868e6339852ab3a9e6d61e077287",
        "version" : "6.3.1"
      }
    },
    {
      "identity" : "codescanner",
      "kind" : "remoteSourceControl",
      "location" : "https://github.com/twostraws/CodeScanner.git",
      "state" : {
        "revision" : "d8f10d992ef32a4187b78a6df320facf75d631d8",
        "version" : "2.3.1"
      }
    },
    {
      "identity" : "gatt",
      "kind" : "remoteSourceControl",
      "location" : "https://github.com/PureSwift/GATT.git",
      "state" : {
        "branch" : "master",
        "revision" : "aec59a4c95f3653b8db32cf0181625eab9f4978f"
      }
    },
    {
      "identity" : "keychainaccess",
      "kind" : "remoteSourceControl",
      "location" : "https://github.com/kishikawakatsumi/KeychainAccess.git",
      "state" : {
        "branch" : "master",
        "revision" : "ecb18d8ce4d88277cc4fb103973352d91e18c535"
      }
    },
    {
      "identity" : "predicate",
      "kind" : "remoteSourceControl",
      "location" : "https://github.com/PureSwift/Predicate",
      "state" : {
        "revision" : "79453305d5d441eb4bba15e715f8546a5ff3a5d4",
        "version" : "1.2.0"
      }
    },
    {
      "identity" : "sfsafesymbols",
      "kind" : "remoteSourceControl",
      "location" : "https://github.com/piknotech/SFSafeSymbols.git",
      "state" : {
        "revision" : "7cca2d60925876b5953a2cf7341cd80fbeac983c",
        "version" : "4.1.1"
      }
    },
    {
      "identity" : "swift-crypto",
      "kind" : "remoteSourceControl",
      "location" : "https://github.com/apple/swift-crypto.git",
      "state" : {
        "revision" : "da0fe44138ab86e380f40a2acbd8a611b07d3f64",
        "version" : "2.4.0"
      }
    },
    {
      "identity" : "tlvcoding",
      "kind" : "remoteSourceControl",
      "location" : "https://github.com/PureSwift/TLVCoding.git",
      "state" : {
        "branch" : "master",
        "revision" : "fa31426c76d1630fe8942e6ebf2eadc20f280995"
      }
    }
  ],
  "version" : 2
}
