// !$*UTF8*$!
{
	archiveVersion = 1;
	classes = {
	};
	objectVersion = 60;
	objects = {

/* Begin PBXBuildFile section */
		6E2C9B9B29CF5AD2002F1B28 /* App.swift in Sources */ = {isa = PBXBuildFile; fileRef = 6E2C9B9A29CF5AD2002F1B28 /* App.swift */; };
		6E2C9B9D29CF5AD2002F1B28 /* ContentView.swift in Sources */ = {isa = PBXBuildFile; fileRef = 6E2C9B9C29CF5AD2002F1B28 /* ContentView.swift */; };
		6E2C9B9F29CF5AD3002F1B28 /* Assets.xcassets in Resources */ = {isa = PBXBuildFile; fileRef = 6E2C9B9E29CF5AD3002F1B28 /* Assets.xcassets */; };
		6E2C9BA329CF5AD3002F1B28 /* Preview Assets.xcassets in Resources */ = {isa = PBXBuildFile; fileRef = 6E2C9BA229CF5AD3002F1B28 /* Preview Assets.xcassets */; };
		6E2C9BB429CF5BF9002F1B28 /* BluetoothAccessoryKit.framework in Frameworks */ = {isa = PBXBuildFile; fileRef = 6E2C9BAE29CF5BF9002F1B28 /* BluetoothAccessoryKit.framework */; };
		6E2C9BB529CF5BF9002F1B28 /* BluetoothAccessoryKit.framework in Embed Frameworks */ = {isa = PBXBuildFile; fileRef = 6E2C9BAE29CF5BF9002F1B28 /* BluetoothAccessoryKit.framework */; settings = {ATTRIBUTES = (CodeSignOnCopy, RemoveHeadersOnCopy, ); }; };
		6E2C9BBB29CF5C47002F1B28 /* BluetoothAccessoryKit.swift in Sources */ = {isa = PBXBuildFile; fileRef = 6E2C9BBA29CF5C47002F1B28 /* BluetoothAccessoryKit.swift */; };
		6E2C9BC429CF5EA5002F1B28 /* BluetoothAccessory in Frameworks */ = {isa = PBXBuildFile; productRef = 6E2C9BC329CF5EA5002F1B28 /* BluetoothAccessory */; };
		6E2C9BCA29CF6224002F1B28 /* SFSafeSymbols in Frameworks */ = {isa = PBXBuildFile; productRef = 6E2C9BC929CF6224002F1B28 /* SFSafeSymbols */; };
		6E2C9BD029CF62F3002F1B28 /* KeychainAccess in Frameworks */ = {isa = PBXBuildFile; productRef = 6E2C9BCF29CF62F3002F1B28 /* KeychainAccess */; };
		6E2C9BD329CF6341002F1B28 /* CodeScanner in Frameworks */ = {isa = PBXBuildFile; platformFilter = ios; productRef = 6E2C9BD229CF6341002F1B28 /* CodeScanner */; };
		6E2C9BD629CF637D002F1B28 /* DarwinGATT in Frameworks */ = {isa = PBXBuildFile; productRef = 6E2C9BD529CF637D002F1B28 /* DarwinGATT */; };
		6E2C9BD829CF637D002F1B28 /* GATT in Frameworks */ = {isa = PBXBuildFile; productRef = 6E2C9BD729CF637D002F1B28 /* GATT */; };
		6E5B4A5E2AC4BFED00F41D5A /* SubtitleRow.swift in Sources */ = {isa = PBXBuildFile; fileRef = 6E5B4A5D2AC4BFED00F41D5A /* SubtitleRow.swift */; };
		6E5B4A602AC4C00500F41D5A /* DetailRow.swift in Sources */ = {isa = PBXBuildFile; fileRef = 6E5B4A5F2AC4C00500F41D5A /* DetailRow.swift */; };
		6E5B4A662AC4C5AC00F41D5A /* AccessoryAppEntity.swift in Sources */ = {isa = PBXBuildFile; fileRef = 6E5B4A642AC4C59500F41D5A /* AccessoryAppEntity.swift */; };
		6E5B4A682AC4C7AC00F41D5A /* Shortcuts.swift in Sources */ = {isa = PBXBuildFile; fileRef = 6E5B4A672AC4C7AC00F41D5A /* Shortcuts.swift */; };
		6E5B4A6B2AC4C85500F41D5A /* AccessoryTypeAppEnum.swift in Sources */ = {isa = PBXBuildFile; fileRef = 6E5B4A6A2AC4C85500F41D5A /* AccessoryTypeAppEnum.swift */; };
		6E5B4A6D2AC4C85E00F41D5A /* ServiceTypeAppEnum.swift in Sources */ = {isa = PBXBuildFile; fileRef = 6E5B4A6C2AC4C85E00F41D5A /* ServiceTypeAppEnum.swift */; };
		6E5B4A702AC4CE6900F41D5A /* AccessoryEntityQuery.swift in Sources */ = {isa = PBXBuildFile; fileRef = 6E5B4A6F2AC4CE6900F41D5A /* AccessoryEntityQuery.swift */; };
		6E5B4A722AC4F54A00F41D5A /* CharacteristicAppEntity.swift in Sources */ = {isa = PBXBuildFile; fileRef = 6E5B4A712AC4F54A00F41D5A /* CharacteristicAppEntity.swift */; };
		6E5B4A742AC4FF0900F41D5A /* CharacteristicFormatAppEnum.swift in Sources */ = {isa = PBXBuildFile; fileRef = 6E5B4A732AC4FF0900F41D5A /* CharacteristicFormatAppEnum.swift */; };
		6E5B4A762AC4FF1400F41D5A /* CharacteristicUnitAppEnum.swift in Sources */ = {isa = PBXBuildFile; fileRef = 6E5B4A752AC4FF1400F41D5A /* CharacteristicUnitAppEnum.swift */; };
		6E5B4A782AC50BA300F41D5A /* CharacteristicEntityQuery.swift in Sources */ = {isa = PBXBuildFile; fileRef = 6E5B4A772AC50BA300F41D5A /* CharacteristicEntityQuery.swift */; };
		6E5B4A7B2AC5334D00F41D5A /* AppIntents.swift in Sources */ = {isa = PBXBuildFile; fileRef = 6E5B4A7A2AC5334D00F41D5A /* AppIntents.swift */; };
		6E63874229D1679400E1BD42 /* CharacteristicCache.swift in Sources */ = {isa = PBXBuildFile; fileRef = 6E63874129D1679400E1BD42 /* CharacteristicCache.swift */; };
		6E63874629D19C1200E1BD42 /* AccessoryCharacteristicRow.swift in Sources */ = {isa = PBXBuildFile; fileRef = 6E63874529D19C1200E1BD42 /* AccessoryCharacteristicRow.swift */; };
		6E71636029D3961F0042565D /* BluetoothUUID.swift in Sources */ = {isa = PBXBuildFile; fileRef = 6E71635F29D3961F0042565D /* BluetoothUUID.swift */; };
		6E71636229D40FDD0042565D /* NetworkMonitor.swift in Sources */ = {isa = PBXBuildFile; fileRef = 6E71636129D40FDD0042565D /* NetworkMonitor.swift */; };
		6E71636429D40FF10042565D /* BeaconController.swift in Sources */ = {isa = PBXBuildFile; fileRef = 6E71636329D40FF10042565D /* BeaconController.swift */; };
		6E71636629D4100A0042565D /* Permission.swift in Sources */ = {isa = PBXBuildFile; fileRef = 6E71636529D4100A0042565D /* Permission.swift */; };
		6E71636829D410B20042565D /* Preferences.swift in Sources */ = {isa = PBXBuildFile; fileRef = 6E71636729D410B20042565D /* Preferences.swift */; };
		6E71636A29D411DB0042565D /* Error.swift in Sources */ = {isa = PBXBuildFile; fileRef = 6E71636929D411DB0042565D /* Error.swift */; };
		6E71637029D41C1A0042565D /* SetupCharacteristicRow.swift in Sources */ = {isa = PBXBuildFile; fileRef = 6E71636F29D41C1A0042565D /* SetupCharacteristicRow.swift */; };
		6E71637229D420860042565D /* SetupAccessoryView.swift in Sources */ = {isa = PBXBuildFile; fileRef = 6E71637129D420860042565D /* SetupAccessoryView.swift */; };
		6E71637429D428D40042565D /* NewKeyDocument.swift in Sources */ = {isa = PBXBuildFile; fileRef = 6E71637329D428D40042565D /* NewKeyDocument.swift */; };
		6E71637629D453450042565D /* AccessoryManagerContacts.swift in Sources */ = {isa = PBXBuildFile; fileRef = 6E71637529D453450042565D /* AccessoryManagerContacts.swift */; };
		6E71637829D4B03E0042565D /* AccessoryManagerCloudKit.swift in Sources */ = {isa = PBXBuildFile; fileRef = 6E71637729D4B03E0042565D /* AccessoryManagerCloudKit.swift */; };
		6E71637A29D4B0560042565D /* AccessoryManagerCoreData.swift in Sources */ = {isa = PBXBuildFile; fileRef = 6E71637929D4B0560042565D /* AccessoryManagerCoreData.swift */; };
		6E71637C29D4C7250042565D /* CloudKit.swift in Sources */ = {isa = PBXBuildFile; fileRef = 6E71637B29D4C7250042565D /* CloudKit.swift */; };
		6E71637E29D4D12E0042565D /* AccessoryManagerFileManager.swift in Sources */ = {isa = PBXBuildFile; fileRef = 6E71637D29D4D12E0042565D /* AccessoryManagerFileManager.swift */; };
		6E71638029D4D2140042565D /* FileManager.swift in Sources */ = {isa = PBXBuildFile; fileRef = 6E71637F29D4D2140042565D /* FileManager.swift */; };
		6E71638229D4D3CE0042565D /* AccessoryCache.swift in Sources */ = {isa = PBXBuildFile; fileRef = 6E71638129D4D3CE0042565D /* AccessoryCache.swift */; };
		6E71638629D4E13E0042565D /* JSONFile.swift in Sources */ = {isa = PBXBuildFile; fileRef = 6E71638529D4E13E0042565D /* JSONFile.swift */; };
		6E71638929D565710042565D /* InfoPlist.swift in Sources */ = {isa = PBXBuildFile; fileRef = 6E71638729D564EC0042565D /* InfoPlist.swift */; };
		6E71639529D5798C0042565D /* PersistentContainer.swift in Sources */ = {isa = PBXBuildFile; fileRef = 6E71639429D5798C0042565D /* PersistentContainer.swift */; };
		6E8D1EA52AC11E12009ACD6D /* CoreDataModel in Frameworks */ = {isa = PBXBuildFile; productRef = 6E8D1EA42AC11E12009ACD6D /* CoreDataModel */; };
		6E8D1EA72AC11E12009ACD6D /* CoreModel in Frameworks */ = {isa = PBXBuildFile; productRef = 6E8D1EA62AC11E12009ACD6D /* CoreModel */; };
		6E8D1EAA2AC1C67F009ACD6D /* AccessoryEntity.swift in Sources */ = {isa = PBXBuildFile; fileRef = 6E8D1EA92AC1C67F009ACD6D /* AccessoryEntity.swift */; };
		6E8D1EAC2AC1C755009ACD6D /* CharacteristicEntity.swift in Sources */ = {isa = PBXBuildFile; fileRef = 6E8D1EAB2AC1C755009ACD6D /* CharacteristicEntity.swift */; };
		6E8D1EAE2AC28B15009ACD6D /* Model.swift in Sources */ = {isa = PBXBuildFile; fileRef = 6E8D1EAD2AC28B15009ACD6D /* Model.swift */; };
		6E8D1EB02AC28F57009ACD6D /* KeyEntity.swift in Sources */ = {isa = PBXBuildFile; fileRef = 6E8D1EAF2AC28F57009ACD6D /* KeyEntity.swift */; };
		6E8D1EB22AC28F6B009ACD6D /* NewKeyEntity.swift in Sources */ = {isa = PBXBuildFile; fileRef = 6E8D1EB12AC28F6B009ACD6D /* NewKeyEntity.swift */; };
		6E8D1EB42AC2B160009ACD6D /* CharacteristicValueEntity.swift in Sources */ = {isa = PBXBuildFile; fileRef = 6E8D1EB32AC2B160009ACD6D /* CharacteristicValueEntity.swift */; };
		6E9891332B95CA6D001F9B1A /* TabView.swift in Sources */ = {isa = PBXBuildFile; fileRef = 6E9891322B95CA6D001F9B1A /* TabView.swift */; };
		6E9891352B95CCAD001F9B1A /* AccessoriesView.swift in Sources */ = {isa = PBXBuildFile; fileRef = 6E9891342B95CCAD001F9B1A /* AccessoriesView.swift */; };
		6E9891372B95CE87001F9B1A /* AccessoryRow.swift in Sources */ = {isa = PBXBuildFile; fileRef = 6E9891362B95CE87001F9B1A /* AccessoryRow.swift */; };
		6EA0747F2B95E72D00D31F54 /* AppClip.swift in Sources */ = {isa = PBXBuildFile; fileRef = 6EA0747E2B95E72D00D31F54 /* AppClip.swift */; };
		6EA074812B95E72D00D31F54 /* ContentView.swift in Sources */ = {isa = PBXBuildFile; fileRef = 6EA074802B95E72D00D31F54 /* ContentView.swift */; };
		6EA074832B95E72E00D31F54 /* Assets.xcassets in Resources */ = {isa = PBXBuildFile; fileRef = 6EA074822B95E72E00D31F54 /* Assets.xcassets */; };
		6EA074862B95E72E00D31F54 /* Preview Assets.xcassets in Resources */ = {isa = PBXBuildFile; fileRef = 6EA074852B95E72E00D31F54 /* Preview Assets.xcassets */; };
		6EA0748B2B95E72E00D31F54 /* Clip.app in Embed App Clips */ = {isa = PBXBuildFile; fileRef = 6EA0747C2B95E72D00D31F54 /* Clip.app */; settings = {ATTRIBUTES = (RemoveHeadersOnCopy, ); }; };
		6EA074912B95E82700D31F54 /* BluetoothAccessory in Frameworks */ = {isa = PBXBuildFile; productRef = 6EA074902B95E82700D31F54 /* BluetoothAccessory */; };
		6EA074952B95E82700D31F54 /* KeychainAccess in Frameworks */ = {isa = PBXBuildFile; productRef = 6EA074942B95E82700D31F54 /* KeychainAccess */; };
		6EA074972B95E82700D31F54 /* DarwinGATT in Frameworks */ = {isa = PBXBuildFile; productRef = 6EA074962B95E82700D31F54 /* DarwinGATT */; };
		6EA074992B95E82700D31F54 /* GATT in Frameworks */ = {isa = PBXBuildFile; productRef = 6EA074982B95E82700D31F54 /* GATT */; };
		6EA0749B2B95E82700D31F54 /* CoreDataModel in Frameworks */ = {isa = PBXBuildFile; productRef = 6EA0749A2B95E82700D31F54 /* CoreDataModel */; };
		6EA0749D2B95E82700D31F54 /* CoreModel in Frameworks */ = {isa = PBXBuildFile; productRef = 6EA0749C2B95E82700D31F54 /* CoreModel */; };
		6EA0749E2B95E91100D31F54 /* FileManager.swift in Sources */ = {isa = PBXBuildFile; fileRef = 6E71637F29D4D2140042565D /* FileManager.swift */; };
		6EA0749F2B95E91100D31F54 /* iBeacon.swift in Sources */ = {isa = PBXBuildFile; fileRef = 6EFCFFD729D116FB004B6DE8 /* iBeacon.swift */; };
		6EA074A02B95E91100D31F54 /* Task.swift in Sources */ = {isa = PBXBuildFile; fileRef = 6EFCFFCC29D05F23004B6DE8 /* Task.swift */; };
		6EA074A12B95E91100D31F54 /* UUID.swift in Sources */ = {isa = PBXBuildFile; fileRef = 6EFCFFD629D116FB004B6DE8 /* UUID.swift */; };
		6EA074A22B95E91100D31F54 /* CharacteristicUnit.swift in Sources */ = {isa = PBXBuildFile; fileRef = 6EF1EC1D29DF747200113ED4 /* CharacteristicUnit.swift */; };
		6EA074A42B95E91100D31F54 /* Integer.swift in Sources */ = {isa = PBXBuildFile; fileRef = 6EFCFFD529D116FB004B6DE8 /* Integer.swift */; };
		6EA074A52B95E91100D31F54 /* Permission.swift in Sources */ = {isa = PBXBuildFile; fileRef = 6E71636529D4100A0042565D /* Permission.swift */; };
		6EA074A62B95E91100D31F54 /* SFSymbol.swift in Sources */ = {isa = PBXBuildFile; fileRef = 6EDB1A912B95B4D8003A8A7F /* SFSymbol.swift */; };
		6EA074A72B95E91100D31F54 /* PersistentContainer.swift in Sources */ = {isa = PBXBuildFile; fileRef = 6E71639429D5798C0042565D /* PersistentContainer.swift */; };
		6EA074A82B95E91100D31F54 /* DataConvertible.swift in Sources */ = {isa = PBXBuildFile; fileRef = 6EFCFFD829D116FB004B6DE8 /* DataConvertible.swift */; };
		6EA074A92B95E91100D31F54 /* Data.swift in Sources */ = {isa = PBXBuildFile; fileRef = 6EFCFFD329D116FA004B6DE8 /* Data.swift */; };
		6EA074AA2B95E91100D31F54 /* BluetoothUUID.swift in Sources */ = {isa = PBXBuildFile; fileRef = 6E71635F29D3961F0042565D /* BluetoothUUID.swift */; };
		6EA074AB2B95E91100D31F54 /* Error.swift in Sources */ = {isa = PBXBuildFile; fileRef = 6E71636929D411DB0042565D /* Error.swift */; };
		6EA074AC2B95E91100D31F54 /* Hexadecimal.swift in Sources */ = {isa = PBXBuildFile; fileRef = 6EFCFFD429D116FA004B6DE8 /* Hexadecimal.swift */; };
		6EA074AE2B95E91600D31F54 /* Model.swift in Sources */ = {isa = PBXBuildFile; fileRef = 6E8D1EAD2AC28B15009ACD6D /* Model.swift */; };
		6EA074AF2B95E91600D31F54 /* CharacteristicValueEntity.swift in Sources */ = {isa = PBXBuildFile; fileRef = 6E8D1EB32AC2B160009ACD6D /* CharacteristicValueEntity.swift */; };
		6EA074B02B95E91600D31F54 /* KeyEntity.swift in Sources */ = {isa = PBXBuildFile; fileRef = 6E8D1EAF2AC28F57009ACD6D /* KeyEntity.swift */; };
		6EA074B12B95E91600D31F54 /* CharacteristicEntity.swift in Sources */ = {isa = PBXBuildFile; fileRef = 6E8D1EAB2AC1C755009ACD6D /* CharacteristicEntity.swift */; };
		6EA074B22B95E91600D31F54 /* NewKeyEntity.swift in Sources */ = {isa = PBXBuildFile; fileRef = 6E8D1EB12AC28F6B009ACD6D /* NewKeyEntity.swift */; };
		6EA074B32B95E91600D31F54 /* AccessoryEntity.swift in Sources */ = {isa = PBXBuildFile; fileRef = 6E8D1EA92AC1C67F009ACD6D /* AccessoryEntity.swift */; };
		6EA074B42B95E91D00D31F54 /* AccessoryManagerCloudKit.swift in Sources */ = {isa = PBXBuildFile; fileRef = 6E71637729D4B03E0042565D /* AccessoryManagerCloudKit.swift */; };
		6EA074B52B95E91D00D31F54 /* AccessoryManagerLog.swift in Sources */ = {isa = PBXBuildFile; fileRef = 6EFCFFE129D12EA4004B6DE8 /* AccessoryManagerLog.swift */; };
		6EA074B62B95E91D00D31F54 /* AccessoryPeripheral.swift in Sources */ = {isa = PBXBuildFile; fileRef = 6EFCFFE729D12ECA004B6DE8 /* AccessoryPeripheral.swift */; };
		6EA074B72B95E91D00D31F54 /* CharacteristicCache.swift in Sources */ = {isa = PBXBuildFile; fileRef = 6E63874129D1679400E1BD42 /* CharacteristicCache.swift */; };
		6EA074B82B95E91D00D31F54 /* NewKeyDocument.swift in Sources */ = {isa = PBXBuildFile; fileRef = 6E71637329D428D40042565D /* NewKeyDocument.swift */; };
		6EA074B92B95E91D00D31F54 /* AccessoryManagerFileManager.swift in Sources */ = {isa = PBXBuildFile; fileRef = 6E71637D29D4D12E0042565D /* AccessoryManagerFileManager.swift */; };
		6EA074BA2B95E91D00D31F54 /* NetworkMonitor.swift in Sources */ = {isa = PBXBuildFile; fileRef = 6E71636129D40FDD0042565D /* NetworkMonitor.swift */; };
		6EA074BB2B95E91D00D31F54 /* AccessoryManagerBluetooth.swift in Sources */ = {isa = PBXBuildFile; fileRef = 6EFCFFDF29D12E79004B6DE8 /* AccessoryManagerBluetooth.swift */; };
		6EA074BC2B95E91D00D31F54 /* AccessoryCache.swift in Sources */ = {isa = PBXBuildFile; fileRef = 6E71638129D4D3CE0042565D /* AccessoryCache.swift */; };
		6EA074BD2B95E91D00D31F54 /* AccessoryManagerCoreData.swift in Sources */ = {isa = PBXBuildFile; fileRef = 6E71637929D4B0560042565D /* AccessoryManagerCoreData.swift */; };
		6EA074BE2B95E91D00D31F54 /* AccessoryManagerPreferences.swift in Sources */ = {isa = PBXBuildFile; fileRef = 6EDB1A8F2B950CFE003A8A7F /* AccessoryManagerPreferences.swift */; };
		6EA074BF2B95E91D00D31F54 /* JSONFile.swift in Sources */ = {isa = PBXBuildFile; fileRef = 6E71638529D4E13E0042565D /* JSONFile.swift */; };
		6EA074C02B95E91D00D31F54 /* Preferences.swift in Sources */ = {isa = PBXBuildFile; fileRef = 6E71636729D410B20042565D /* Preferences.swift */; };
		6EA074C12B95E91D00D31F54 /* ScanDataCache.swift in Sources */ = {isa = PBXBuildFile; fileRef = 6EFCFFE929D12EDB004B6DE8 /* ScanDataCache.swift */; };
		6EA074C22B95E91D00D31F54 /* BeaconController.swift in Sources */ = {isa = PBXBuildFile; fileRef = 6E71636329D40FF10042565D /* BeaconController.swift */; };
		6EA074C32B95E91D00D31F54 /* AccessoryInformation.swift in Sources */ = {isa = PBXBuildFile; fileRef = 6EFCFFE529D12EBE004B6DE8 /* AccessoryInformation.swift */; };
		6EA074C42B95E91D00D31F54 /* AccessoryManager.swift in Sources */ = {isa = PBXBuildFile; fileRef = 6EFCFFC629D05E24004B6DE8 /* AccessoryManager.swift */; };
		6EA074C52B95E91D00D31F54 /* AccessoryManagerContacts.swift in Sources */ = {isa = PBXBuildFile; fileRef = 6E71637529D453450042565D /* AccessoryManagerContacts.swift */; };
		6EA074C62B95E91D00D31F54 /* AccessoryManagerKeychain.swift in Sources */ = {isa = PBXBuildFile; fileRef = 6EFCFFE329D12EAD004B6DE8 /* AccessoryManagerKeychain.swift */; };
		6EA074C72B95E91D00D31F54 /* Central.swift in Sources */ = {isa = PBXBuildFile; fileRef = 6EFCFFCB29D05F23004B6DE8 /* Central.swift */; };
		6EA074C82B95E92800D31F54 /* SetupAccessoryView.swift in Sources */ = {isa = PBXBuildFile; fileRef = 6E71637129D420860042565D /* SetupAccessoryView.swift */; };
		6EA074CA2B95E93700D31F54 /* AccessoryRow.swift in Sources */ = {isa = PBXBuildFile; fileRef = 6E9891362B95CE87001F9B1A /* AccessoryRow.swift */; };
		6EA074CB2B95F21800D31F54 /* CloudKit.swift in Sources */ = {isa = PBXBuildFile; fileRef = 6E71637B29D4C7250042565D /* CloudKit.swift */; };
		6EA074CC2B95F3F800D31F54 /* InfoPlist.swift in Sources */ = {isa = PBXBuildFile; fileRef = 6E71638729D564EC0042565D /* InfoPlist.swift */; };
		6EA074CE2B96043600D31F54 /* AccessoryDetailView.swift in Sources */ = {isa = PBXBuildFile; fileRef = 6EA074CD2B96043600D31F54 /* AccessoryDetailView.swift */; };
		6EA074CF2B96043A00D31F54 /* AccessoryDetailView.swift in Sources */ = {isa = PBXBuildFile; fileRef = 6EA074CD2B96043600D31F54 /* AccessoryDetailView.swift */; };
		6EA074D02B96563800D31F54 /* AccessoriesView.swift in Sources */ = {isa = PBXBuildFile; fileRef = 6E9891342B95CCAD001F9B1A /* AccessoriesView.swift */; };
		6EA074D22B9692AF00D31F54 /* CoreSpotlight.swift in Sources */ = {isa = PBXBuildFile; fileRef = 6EA074D12B9692AF00D31F54 /* CoreSpotlight.swift */; };
		6EA074D42B96A10800D31F54 /* AccessoryManagerSpotlight.swift in Sources */ = {isa = PBXBuildFile; fileRef = 6EA074D32B96A10800D31F54 /* AccessoryManagerSpotlight.swift */; };
		6EA074D52B96A22600D31F54 /* CoreSpotlight.swift in Sources */ = {isa = PBXBuildFile; fileRef = 6EA074D12B9692AF00D31F54 /* CoreSpotlight.swift */; };
		6EA074D62B96A25100D31F54 /* AccessoryManagerSpotlight.swift in Sources */ = {isa = PBXBuildFile; fileRef = 6EA074D32B96A10800D31F54 /* AccessoryManagerSpotlight.swift */; };
		6EDB1A902B950CFE003A8A7F /* AccessoryManagerPreferences.swift in Sources */ = {isa = PBXBuildFile; fileRef = 6EDB1A8F2B950CFE003A8A7F /* AccessoryManagerPreferences.swift */; };
		6EDB1A922B95B4D8003A8A7F /* SFSymbol.swift in Sources */ = {isa = PBXBuildFile; fileRef = 6EDB1A912B95B4D8003A8A7F /* SFSymbol.swift */; };
		6EF1EC1E29DF747200113ED4 /* CharacteristicUnit.swift in Sources */ = {isa = PBXBuildFile; fileRef = 6EF1EC1D29DF747200113ED4 /* CharacteristicUnit.swift */; };
		6EFCFFC729D05E24004B6DE8 /* AccessoryManager.swift in Sources */ = {isa = PBXBuildFile; fileRef = 6EFCFFC629D05E24004B6DE8 /* AccessoryManager.swift */; };
		6EFCFFCD29D05F23004B6DE8 /* Central.swift in Sources */ = {isa = PBXBuildFile; fileRef = 6EFCFFCB29D05F23004B6DE8 /* Central.swift */; };
		6EFCFFCE29D05F23004B6DE8 /* Task.swift in Sources */ = {isa = PBXBuildFile; fileRef = 6EFCFFCC29D05F23004B6DE8 /* Task.swift */; };
		6EFCFFD229D07A33004B6DE8 /* NearbyDevicesView.swift in Sources */ = {isa = PBXBuildFile; fileRef = 6EFCFFD129D07A33004B6DE8 /* NearbyDevicesView.swift */; };
		6EFCFFD929D116FB004B6DE8 /* Data.swift in Sources */ = {isa = PBXBuildFile; fileRef = 6EFCFFD329D116FA004B6DE8 /* Data.swift */; };
		6EFCFFDA29D116FB004B6DE8 /* Hexadecimal.swift in Sources */ = {isa = PBXBuildFile; fileRef = 6EFCFFD429D116FA004B6DE8 /* Hexadecimal.swift */; };
		6EFCFFDB29D116FB004B6DE8 /* Integer.swift in Sources */ = {isa = PBXBuildFile; fileRef = 6EFCFFD529D116FB004B6DE8 /* Integer.swift */; };
		6EFCFFDC29D116FB004B6DE8 /* UUID.swift in Sources */ = {isa = PBXBuildFile; fileRef = 6EFCFFD629D116FB004B6DE8 /* UUID.swift */; };
		6EFCFFDD29D116FB004B6DE8 /* iBeacon.swift in Sources */ = {isa = PBXBuildFile; fileRef = 6EFCFFD729D116FB004B6DE8 /* iBeacon.swift */; };
		6EFCFFDE29D116FB004B6DE8 /* DataConvertible.swift in Sources */ = {isa = PBXBuildFile; fileRef = 6EFCFFD829D116FB004B6DE8 /* DataConvertible.swift */; };
		6EFCFFE029D12E79004B6DE8 /* AccessoryManagerBluetooth.swift in Sources */ = {isa = PBXBuildFile; fileRef = 6EFCFFDF29D12E79004B6DE8 /* AccessoryManagerBluetooth.swift */; };
		6EFCFFE229D12EA4004B6DE8 /* AccessoryManagerLog.swift in Sources */ = {isa = PBXBuildFile; fileRef = 6EFCFFE129D12EA4004B6DE8 /* AccessoryManagerLog.swift */; };
		6EFCFFE429D12EAD004B6DE8 /* AccessoryManagerKeychain.swift in Sources */ = {isa = PBXBuildFile; fileRef = 6EFCFFE329D12EAD004B6DE8 /* AccessoryManagerKeychain.swift */; };
		6EFCFFE629D12EBE004B6DE8 /* AccessoryInformation.swift in Sources */ = {isa = PBXBuildFile; fileRef = 6EFCFFE529D12EBE004B6DE8 /* AccessoryInformation.swift */; };
		6EFCFFE829D12ECA004B6DE8 /* AccessoryPeripheral.swift in Sources */ = {isa = PBXBuildFile; fileRef = 6EFCFFE729D12ECA004B6DE8 /* AccessoryPeripheral.swift */; };
		6EFCFFEA29D12EDB004B6DE8 /* ScanDataCache.swift in Sources */ = {isa = PBXBuildFile; fileRef = 6EFCFFE929D12EDB004B6DE8 /* ScanDataCache.swift */; };
		6EFCFFEC29D134FB004B6DE8 /* NearbyAccessoryView.swift in Sources */ = {isa = PBXBuildFile; fileRef = 6EFCFFEB29D134FB004B6DE8 /* NearbyAccessoryView.swift */; };
/* End PBXBuildFile section */

/* Begin PBXContainerItemProxy section */
		6E2C9BB229CF5BF9002F1B28 /* PBXContainerItemProxy */ = {
			isa = PBXContainerItemProxy;
			containerPortal = 6E2C9B8F29CF5AD2002F1B28 /* Project object */;
			proxyType = 1;
			remoteGlobalIDString = 6E2C9BAD29CF5BF9002F1B28;
			remoteInfo = BluetoothAccessoryKit;
		};
		6EA074892B95E72E00D31F54 /* PBXContainerItemProxy */ = {
			isa = PBXContainerItemProxy;
			containerPortal = 6E2C9B8F29CF5AD2002F1B28 /* Project object */;
			proxyType = 1;
			remoteGlobalIDString = 6EA0747B2B95E72D00D31F54;
			remoteInfo = Clip;
		};
/* End PBXContainerItemProxy section */

/* Begin PBXCopyFilesBuildPhase section */
		6E2C9BB629CF5BF9002F1B28 /* Embed Frameworks */ = {
			isa = PBXCopyFilesBuildPhase;
			buildActionMask = 2147483647;
			dstPath = "";
			dstSubfolderSpec = 10;
			files = (
				6E2C9BB529CF5BF9002F1B28 /* BluetoothAccessoryKit.framework in Embed Frameworks */,
			);
			name = "Embed Frameworks";
			runOnlyForDeploymentPostprocessing = 0;
		};
		6EA0748C2B95E72E00D31F54 /* Embed App Clips */ = {
			isa = PBXCopyFilesBuildPhase;
			buildActionMask = 2147483647;
			dstPath = "$(CONTENTS_FOLDER_PATH)/AppClips";
			dstSubfolderSpec = 16;
			files = (
				6EA0748B2B95E72E00D31F54 /* Clip.app in Embed App Clips */,
			);
			name = "Embed App Clips";
			runOnlyForDeploymentPostprocessing = 0;
		};
/* End PBXCopyFilesBuildPhase section */

/* Begin PBXFileReference section */
		6E2C9B9729CF5AD2002F1B28 /* BluetoothAccessoryApp.app */ = {isa = PBXFileReference; explicitFileType = wrapper.application; includeInIndex = 0; path = BluetoothAccessoryApp.app; sourceTree = BUILT_PRODUCTS_DIR; };
		6E2C9B9A29CF5AD2002F1B28 /* App.swift */ = {isa = PBXFileReference; lastKnownFileType = sourcecode.swift; path = App.swift; sourceTree = "<group>"; };
		6E2C9B9C29CF5AD2002F1B28 /* ContentView.swift */ = {isa = PBXFileReference; lastKnownFileType = sourcecode.swift; path = ContentView.swift; sourceTree = "<group>"; };
		6E2C9B9E29CF5AD3002F1B28 /* Assets.xcassets */ = {isa = PBXFileReference; lastKnownFileType = folder.assetcatalog; path = Assets.xcassets; sourceTree = "<group>"; };
		6E2C9BA029CF5AD3002F1B28 /* BluetoothAccessory.entitlements */ = {isa = PBXFileReference; lastKnownFileType = text.plist.entitlements; path = BluetoothAccessory.entitlements; sourceTree = "<group>"; };
		6E2C9BA229CF5AD3002F1B28 /* Preview Assets.xcassets */ = {isa = PBXFileReference; lastKnownFileType = folder.assetcatalog; path = "Preview Assets.xcassets"; sourceTree = "<group>"; };
		6E2C9BAE29CF5BF9002F1B28 /* BluetoothAccessoryKit.framework */ = {isa = PBXFileReference; explicitFileType = wrapper.framework; includeInIndex = 0; path = BluetoothAccessoryKit.framework; sourceTree = BUILT_PRODUCTS_DIR; };
		6E2C9BBA29CF5C47002F1B28 /* BluetoothAccessoryKit.swift */ = {isa = PBXFileReference; lastKnownFileType = sourcecode.swift; path = BluetoothAccessoryKit.swift; sourceTree = "<group>"; };
		6E2C9BC129CF5DBF002F1B28 /* BluetoothAccessory */ = {isa = PBXFileReference; lastKnownFileType = wrapper; name = BluetoothAccessory; path = ..; sourceTree = "<group>"; };
		6E2C9BC529CF6075002F1B28 /* BluetoothAccessoryApp-Info.plist */ = {isa = PBXFileReference; lastKnownFileType = text.plist.xml; path = "BluetoothAccessoryApp-Info.plist"; sourceTree = "<group>"; };
		6E5B4A5D2AC4BFED00F41D5A /* SubtitleRow.swift */ = {isa = PBXFileReference; fileEncoding = 4; lastKnownFileType = sourcecode.swift; path = SubtitleRow.swift; sourceTree = "<group>"; };
		6E5B4A5F2AC4C00500F41D5A /* DetailRow.swift */ = {isa = PBXFileReference; fileEncoding = 4; lastKnownFileType = sourcecode.swift; path = DetailRow.swift; sourceTree = "<group>"; };
		6E5B4A642AC4C59500F41D5A /* AccessoryAppEntity.swift */ = {isa = PBXFileReference; lastKnownFileType = sourcecode.swift; path = AccessoryAppEntity.swift; sourceTree = "<group>"; };
		6E5B4A672AC4C7AC00F41D5A /* Shortcuts.swift */ = {isa = PBXFileReference; lastKnownFileType = sourcecode.swift; path = Shortcuts.swift; sourceTree = "<group>"; };
		6E5B4A6A2AC4C85500F41D5A /* AccessoryTypeAppEnum.swift */ = {isa = PBXFileReference; lastKnownFileType = sourcecode.swift; path = AccessoryTypeAppEnum.swift; sourceTree = "<group>"; };
		6E5B4A6C2AC4C85E00F41D5A /* ServiceTypeAppEnum.swift */ = {isa = PBXFileReference; lastKnownFileType = sourcecode.swift; path = ServiceTypeAppEnum.swift; sourceTree = "<group>"; };
		6E5B4A6F2AC4CE6900F41D5A /* AccessoryEntityQuery.swift */ = {isa = PBXFileReference; lastKnownFileType = sourcecode.swift; path = AccessoryEntityQuery.swift; sourceTree = "<group>"; };
		6E5B4A712AC4F54A00F41D5A /* CharacteristicAppEntity.swift */ = {isa = PBXFileReference; lastKnownFileType = sourcecode.swift; path = CharacteristicAppEntity.swift; sourceTree = "<group>"; };
		6E5B4A732AC4FF0900F41D5A /* CharacteristicFormatAppEnum.swift */ = {isa = PBXFileReference; lastKnownFileType = sourcecode.swift; path = CharacteristicFormatAppEnum.swift; sourceTree = "<group>"; };
		6E5B4A752AC4FF1400F41D5A /* CharacteristicUnitAppEnum.swift */ = {isa = PBXFileReference; lastKnownFileType = sourcecode.swift; path = CharacteristicUnitAppEnum.swift; sourceTree = "<group>"; };
		6E5B4A772AC50BA300F41D5A /* CharacteristicEntityQuery.swift */ = {isa = PBXFileReference; lastKnownFileType = sourcecode.swift; path = CharacteristicEntityQuery.swift; sourceTree = "<group>"; };
		6E5B4A7A2AC5334D00F41D5A /* AppIntents.swift */ = {isa = PBXFileReference; lastKnownFileType = sourcecode.swift; path = AppIntents.swift; sourceTree = "<group>"; };
		6E63874129D1679400E1BD42 /* CharacteristicCache.swift */ = {isa = PBXFileReference; lastKnownFileType = sourcecode.swift; path = CharacteristicCache.swift; sourceTree = "<group>"; };
		6E63874529D19C1200E1BD42 /* AccessoryCharacteristicRow.swift */ = {isa = PBXFileReference; lastKnownFileType = sourcecode.swift; path = AccessoryCharacteristicRow.swift; sourceTree = "<group>"; };
		6E71635F29D3961F0042565D /* BluetoothUUID.swift */ = {isa = PBXFileReference; lastKnownFileType = sourcecode.swift; path = BluetoothUUID.swift; sourceTree = "<group>"; };
		6E71636129D40FDD0042565D /* NetworkMonitor.swift */ = {isa = PBXFileReference; fileEncoding = 4; lastKnownFileType = sourcecode.swift; path = NetworkMonitor.swift; sourceTree = "<group>"; };
		6E71636329D40FF10042565D /* BeaconController.swift */ = {isa = PBXFileReference; fileEncoding = 4; lastKnownFileType = sourcecode.swift; path = BeaconController.swift; sourceTree = "<group>"; };
		6E71636529D4100A0042565D /* Permission.swift */ = {isa = PBXFileReference; fileEncoding = 4; lastKnownFileType = sourcecode.swift; path = Permission.swift; sourceTree = "<group>"; };
		6E71636729D410B20042565D /* Preferences.swift */ = {isa = PBXFileReference; fileEncoding = 4; lastKnownFileType = sourcecode.swift; path = Preferences.swift; sourceTree = "<group>"; };
		6E71636929D411DB0042565D /* Error.swift */ = {isa = PBXFileReference; lastKnownFileType = sourcecode.swift; path = Error.swift; sourceTree = "<group>"; };
		6E71636F29D41C1A0042565D /* SetupCharacteristicRow.swift */ = {isa = PBXFileReference; lastKnownFileType = sourcecode.swift; path = SetupCharacteristicRow.swift; sourceTree = "<group>"; };
		6E71637129D420860042565D /* SetupAccessoryView.swift */ = {isa = PBXFileReference; lastKnownFileType = sourcecode.swift; path = SetupAccessoryView.swift; sourceTree = "<group>"; };
		6E71637329D428D40042565D /* NewKeyDocument.swift */ = {isa = PBXFileReference; fileEncoding = 4; lastKnownFileType = sourcecode.swift; path = NewKeyDocument.swift; sourceTree = "<group>"; };
		6E71637529D453450042565D /* AccessoryManagerContacts.swift */ = {isa = PBXFileReference; lastKnownFileType = sourcecode.swift; path = AccessoryManagerContacts.swift; sourceTree = "<group>"; };
		6E71637729D4B03E0042565D /* AccessoryManagerCloudKit.swift */ = {isa = PBXFileReference; lastKnownFileType = sourcecode.swift; path = AccessoryManagerCloudKit.swift; sourceTree = "<group>"; };
		6E71637929D4B0560042565D /* AccessoryManagerCoreData.swift */ = {isa = PBXFileReference; lastKnownFileType = sourcecode.swift; path = AccessoryManagerCoreData.swift; sourceTree = "<group>"; };
		6E71637B29D4C7250042565D /* CloudKit.swift */ = {isa = PBXFileReference; lastKnownFileType = sourcecode.swift; path = CloudKit.swift; sourceTree = "<group>"; };
		6E71637D29D4D12E0042565D /* AccessoryManagerFileManager.swift */ = {isa = PBXFileReference; lastKnownFileType = sourcecode.swift; path = AccessoryManagerFileManager.swift; sourceTree = "<group>"; };
		6E71637F29D4D2140042565D /* FileManager.swift */ = {isa = PBXFileReference; lastKnownFileType = sourcecode.swift; path = FileManager.swift; sourceTree = "<group>"; };
		6E71638129D4D3CE0042565D /* AccessoryCache.swift */ = {isa = PBXFileReference; lastKnownFileType = sourcecode.swift; path = AccessoryCache.swift; sourceTree = "<group>"; };
		6E71638529D4E13E0042565D /* JSONFile.swift */ = {isa = PBXFileReference; fileEncoding = 4; lastKnownFileType = sourcecode.swift; path = JSONFile.swift; sourceTree = "<group>"; };
		6E71638729D564EC0042565D /* InfoPlist.swift */ = {isa = PBXFileReference; fileEncoding = 4; lastKnownFileType = sourcecode.swift; path = InfoPlist.swift; sourceTree = "<group>"; };
		6E71639429D5798C0042565D /* PersistentContainer.swift */ = {isa = PBXFileReference; fileEncoding = 4; lastKnownFileType = sourcecode.swift; path = PersistentContainer.swift; sourceTree = "<group>"; };
		6E8D1EA92AC1C67F009ACD6D /* AccessoryEntity.swift */ = {isa = PBXFileReference; fileEncoding = 4; lastKnownFileType = sourcecode.swift; path = AccessoryEntity.swift; sourceTree = "<group>"; };
		6E8D1EAB2AC1C755009ACD6D /* CharacteristicEntity.swift */ = {isa = PBXFileReference; lastKnownFileType = sourcecode.swift; path = CharacteristicEntity.swift; sourceTree = "<group>"; };
		6E8D1EAD2AC28B15009ACD6D /* Model.swift */ = {isa = PBXFileReference; lastKnownFileType = sourcecode.swift; path = Model.swift; sourceTree = "<group>"; };
		6E8D1EAF2AC28F57009ACD6D /* KeyEntity.swift */ = {isa = PBXFileReference; lastKnownFileType = sourcecode.swift; path = KeyEntity.swift; sourceTree = "<group>"; };
		6E8D1EB12AC28F6B009ACD6D /* NewKeyEntity.swift */ = {isa = PBXFileReference; lastKnownFileType = sourcecode.swift; path = NewKeyEntity.swift; sourceTree = "<group>"; };
		6E8D1EB32AC2B160009ACD6D /* CharacteristicValueEntity.swift */ = {isa = PBXFileReference; lastKnownFileType = sourcecode.swift; path = CharacteristicValueEntity.swift; sourceTree = "<group>"; };
		6E9891322B95CA6D001F9B1A /* TabView.swift */ = {isa = PBXFileReference; lastKnownFileType = sourcecode.swift; path = TabView.swift; sourceTree = "<group>"; };
		6E9891342B95CCAD001F9B1A /* AccessoriesView.swift */ = {isa = PBXFileReference; lastKnownFileType = sourcecode.swift; path = AccessoriesView.swift; sourceTree = "<group>"; };
		6E9891362B95CE87001F9B1A /* AccessoryRow.swift */ = {isa = PBXFileReference; lastKnownFileType = sourcecode.swift; path = AccessoryRow.swift; sourceTree = "<group>"; };
		6EA0747C2B95E72D00D31F54 /* Clip.app */ = {isa = PBXFileReference; explicitFileType = wrapper.application; includeInIndex = 0; path = Clip.app; sourceTree = BUILT_PRODUCTS_DIR; };
		6EA0747E2B95E72D00D31F54 /* AppClip.swift */ = {isa = PBXFileReference; lastKnownFileType = sourcecode.swift; path = AppClip.swift; sourceTree = "<group>"; };
		6EA074802B95E72D00D31F54 /* ContentView.swift */ = {isa = PBXFileReference; lastKnownFileType = sourcecode.swift; path = ContentView.swift; sourceTree = "<group>"; };
		6EA074822B95E72E00D31F54 /* Assets.xcassets */ = {isa = PBXFileReference; lastKnownFileType = folder.assetcatalog; path = Assets.xcassets; sourceTree = "<group>"; };
		6EA074852B95E72E00D31F54 /* Preview Assets.xcassets */ = {isa = PBXFileReference; lastKnownFileType = folder.assetcatalog; path = "Preview Assets.xcassets"; sourceTree = "<group>"; };
		6EA074872B95E72E00D31F54 /* Info.plist */ = {isa = PBXFileReference; lastKnownFileType = text.plist.xml; path = Info.plist; sourceTree = "<group>"; };
		6EA074882B95E72E00D31F54 /* Clip.entitlements */ = {isa = PBXFileReference; lastKnownFileType = text.plist.entitlements; path = Clip.entitlements; sourceTree = "<group>"; };
		6EA074CD2B96043600D31F54 /* AccessoryDetailView.swift */ = {isa = PBXFileReference; lastKnownFileType = sourcecode.swift; path = AccessoryDetailView.swift; sourceTree = "<group>"; };
		6EA074D12B9692AF00D31F54 /* CoreSpotlight.swift */ = {isa = PBXFileReference; fileEncoding = 4; lastKnownFileType = sourcecode.swift; path = CoreSpotlight.swift; sourceTree = "<group>"; };
		6EA074D32B96A10800D31F54 /* AccessoryManagerSpotlight.swift */ = {isa = PBXFileReference; lastKnownFileType = sourcecode.swift; path = AccessoryManagerSpotlight.swift; sourceTree = "<group>"; };
		6EDB1A8F2B950CFE003A8A7F /* AccessoryManagerPreferences.swift */ = {isa = PBXFileReference; lastKnownFileType = sourcecode.swift; path = AccessoryManagerPreferences.swift; sourceTree = "<group>"; };
		6EDB1A912B95B4D8003A8A7F /* SFSymbol.swift */ = {isa = PBXFileReference; lastKnownFileType = sourcecode.swift; path = SFSymbol.swift; sourceTree = "<group>"; };
		6EF1EC1D29DF747200113ED4 /* CharacteristicUnit.swift */ = {isa = PBXFileReference; lastKnownFileType = sourcecode.swift; path = CharacteristicUnit.swift; sourceTree = "<group>"; };
		6EFCFFC629D05E24004B6DE8 /* AccessoryManager.swift */ = {isa = PBXFileReference; fileEncoding = 4; lastKnownFileType = sourcecode.swift; path = AccessoryManager.swift; sourceTree = "<group>"; };
		6EFCFFCB29D05F23004B6DE8 /* Central.swift */ = {isa = PBXFileReference; fileEncoding = 4; lastKnownFileType = sourcecode.swift; path = Central.swift; sourceTree = "<group>"; };
		6EFCFFCC29D05F23004B6DE8 /* Task.swift */ = {isa = PBXFileReference; fileEncoding = 4; lastKnownFileType = sourcecode.swift; path = Task.swift; sourceTree = "<group>"; };
		6EFCFFD129D07A33004B6DE8 /* NearbyDevicesView.swift */ = {isa = PBXFileReference; fileEncoding = 4; lastKnownFileType = sourcecode.swift; path = NearbyDevicesView.swift; sourceTree = "<group>"; };
		6EFCFFD329D116FA004B6DE8 /* Data.swift */ = {isa = PBXFileReference; fileEncoding = 4; lastKnownFileType = sourcecode.swift; path = Data.swift; sourceTree = "<group>"; };
		6EFCFFD429D116FA004B6DE8 /* Hexadecimal.swift */ = {isa = PBXFileReference; fileEncoding = 4; lastKnownFileType = sourcecode.swift; path = Hexadecimal.swift; sourceTree = "<group>"; };
		6EFCFFD529D116FB004B6DE8 /* Integer.swift */ = {isa = PBXFileReference; fileEncoding = 4; lastKnownFileType = sourcecode.swift; path = Integer.swift; sourceTree = "<group>"; };
		6EFCFFD629D116FB004B6DE8 /* UUID.swift */ = {isa = PBXFileReference; fileEncoding = 4; lastKnownFileType = sourcecode.swift; path = UUID.swift; sourceTree = "<group>"; };
		6EFCFFD729D116FB004B6DE8 /* iBeacon.swift */ = {isa = PBXFileReference; fileEncoding = 4; lastKnownFileType = sourcecode.swift; path = iBeacon.swift; sourceTree = "<group>"; };
		6EFCFFD829D116FB004B6DE8 /* DataConvertible.swift */ = {isa = PBXFileReference; fileEncoding = 4; lastKnownFileType = sourcecode.swift; path = DataConvertible.swift; sourceTree = "<group>"; };
		6EFCFFDF29D12E79004B6DE8 /* AccessoryManagerBluetooth.swift */ = {isa = PBXFileReference; lastKnownFileType = sourcecode.swift; path = AccessoryManagerBluetooth.swift; sourceTree = "<group>"; };
		6EFCFFE129D12EA4004B6DE8 /* AccessoryManagerLog.swift */ = {isa = PBXFileReference; lastKnownFileType = sourcecode.swift; path = AccessoryManagerLog.swift; sourceTree = "<group>"; };
		6EFCFFE329D12EAD004B6DE8 /* AccessoryManagerKeychain.swift */ = {isa = PBXFileReference; lastKnownFileType = sourcecode.swift; path = AccessoryManagerKeychain.swift; sourceTree = "<group>"; };
		6EFCFFE529D12EBE004B6DE8 /* AccessoryInformation.swift */ = {isa = PBXFileReference; lastKnownFileType = sourcecode.swift; path = AccessoryInformation.swift; sourceTree = "<group>"; };
		6EFCFFE729D12ECA004B6DE8 /* AccessoryPeripheral.swift */ = {isa = PBXFileReference; lastKnownFileType = sourcecode.swift; path = AccessoryPeripheral.swift; sourceTree = "<group>"; };
		6EFCFFE929D12EDB004B6DE8 /* ScanDataCache.swift */ = {isa = PBXFileReference; lastKnownFileType = sourcecode.swift; path = ScanDataCache.swift; sourceTree = "<group>"; };
		6EFCFFEB29D134FB004B6DE8 /* NearbyAccessoryView.swift */ = {isa = PBXFileReference; lastKnownFileType = sourcecode.swift; path = NearbyAccessoryView.swift; sourceTree = "<group>"; };
/* End PBXFileReference section */

/* Begin PBXFrameworksBuildPhase section */
		6E2C9B9429CF5AD2002F1B28 /* Frameworks */ = {
			isa = PBXFrameworksBuildPhase;
			buildActionMask = 2147483647;
			files = (
				6E2C9BB429CF5BF9002F1B28 /* BluetoothAccessoryKit.framework in Frameworks */,
			);
			runOnlyForDeploymentPostprocessing = 0;
		};
		6E2C9BAB29CF5BF9002F1B28 /* Frameworks */ = {
			isa = PBXFrameworksBuildPhase;
			buildActionMask = 2147483647;
			files = (
				6E2C9BD029CF62F3002F1B28 /* KeychainAccess in Frameworks */,
				6E8D1EA52AC11E12009ACD6D /* CoreDataModel in Frameworks */,
				6E2C9BCA29CF6224002F1B28 /* SFSafeSymbols in Frameworks */,
				6E2C9BC429CF5EA5002F1B28 /* BluetoothAccessory in Frameworks */,
				6E2C9BD829CF637D002F1B28 /* GATT in Frameworks */,
				6E2C9BD329CF6341002F1B28 /* CodeScanner in Frameworks */,
				6E8D1EA72AC11E12009ACD6D /* CoreModel in Frameworks */,
				6E2C9BD629CF637D002F1B28 /* DarwinGATT in Frameworks */,
			);
			runOnlyForDeploymentPostprocessing = 0;
		};
		6EA074792B95E72D00D31F54 /* Frameworks */ = {
			isa = PBXFrameworksBuildPhase;
			buildActionMask = 2147483647;
			files = (
				6EA074992B95E82700D31F54 /* GATT in Frameworks */,
				6EA0749B2B95E82700D31F54 /* CoreDataModel in Frameworks */,
				6EA0749D2B95E82700D31F54 /* CoreModel in Frameworks */,
				6EA074912B95E82700D31F54 /* BluetoothAccessory in Frameworks */,
				6EA074952B95E82700D31F54 /* KeychainAccess in Frameworks */,
				6EA074972B95E82700D31F54 /* DarwinGATT in Frameworks */,
			);
			runOnlyForDeploymentPostprocessing = 0;
		};
/* End PBXFrameworksBuildPhase section */

/* Begin PBXGroup section */
		6E2C9B8E29CF5AD2002F1B28 = {
			isa = PBXGroup;
			children = (
				6E2C9BC029CF5DBF002F1B28 /* Packages */,
				6E2C9B9929CF5AD2002F1B28 /* BluetoothAccessory */,
				6E2C9BAF29CF5BF9002F1B28 /* BluetoothAccessoryKit */,
				6EA0747D2B95E72D00D31F54 /* Clip */,
				6E2C9B9829CF5AD2002F1B28 /* Products */,
				6E2C9BC229CF5EA5002F1B28 /* Frameworks */,
			);
			sourceTree = "<group>";
		};
		6E2C9B9829CF5AD2002F1B28 /* Products */ = {
			isa = PBXGroup;
			children = (
				6E2C9B9729CF5AD2002F1B28 /* BluetoothAccessoryApp.app */,
				6E2C9BAE29CF5BF9002F1B28 /* BluetoothAccessoryKit.framework */,
				6EA0747C2B95E72D00D31F54 /* Clip.app */,
			);
			name = Products;
			sourceTree = "<group>";
		};
		6E2C9B9929CF5AD2002F1B28 /* BluetoothAccessory */ = {
			isa = PBXGroup;
			children = (
				6E2C9BC529CF6075002F1B28 /* BluetoothAccessoryApp-Info.plist */,
				6E2C9B9A29CF5AD2002F1B28 /* App.swift */,
				6E71638729D564EC0042565D /* InfoPlist.swift */,
				6E2C9B9C29CF5AD2002F1B28 /* ContentView.swift */,
				6E9891322B95CA6D001F9B1A /* TabView.swift */,
				6E5B4A792AC5334100F41D5A /* Extensions */,
				6E5B4A612AC4C53B00F41D5A /* AppIntents */,
				6E2C9B9E29CF5AD3002F1B28 /* Assets.xcassets */,
				6E2C9BA029CF5AD3002F1B28 /* BluetoothAccessory.entitlements */,
				6E2C9BA129CF5AD3002F1B28 /* Preview Content */,
			);
			path = BluetoothAccessory;
			sourceTree = "<group>";
		};
		6E2C9BA129CF5AD3002F1B28 /* Preview Content */ = {
			isa = PBXGroup;
			children = (
				6E2C9BA229CF5AD3002F1B28 /* Preview Assets.xcassets */,
			);
			path = "Preview Content";
			sourceTree = "<group>";
		};
		6E2C9BAF29CF5BF9002F1B28 /* BluetoothAccessoryKit */ = {
			isa = PBXGroup;
			children = (
				6E2C9BBA29CF5C47002F1B28 /* BluetoothAccessoryKit.swift */,
				6EFCFFCA29D05F23004B6DE8 /* Extensions */,
				6EFCFFCF29D061B3004B6DE8 /* Model */,
				6EFCFFD029D078AF004B6DE8 /* Views */,
			);
			path = BluetoothAccessoryKit;
			sourceTree = "<group>";
		};
		6E2C9BC029CF5DBF002F1B28 /* Packages */ = {
			isa = PBXGroup;
			children = (
				6E2C9BC129CF5DBF002F1B28 /* BluetoothAccessory */,
			);
			name = Packages;
			sourceTree = "<group>";
		};
		6E2C9BC229CF5EA5002F1B28 /* Frameworks */ = {
			isa = PBXGroup;
			children = (
			);
			name = Frameworks;
			sourceTree = "<group>";
		};
		6E5B4A5A2AC49BAC00F41D5A /* Row */ = {
			isa = PBXGroup;
			children = (
				6E9891362B95CE87001F9B1A /* AccessoryRow.swift */,
				6E71636F29D41C1A0042565D /* SetupCharacteristicRow.swift */,
				6E63874529D19C1200E1BD42 /* AccessoryCharacteristicRow.swift */,
				6E5B4A5D2AC4BFED00F41D5A /* SubtitleRow.swift */,
				6E5B4A5F2AC4C00500F41D5A /* DetailRow.swift */,
			);
			path = Row;
			sourceTree = "<group>";
		};
		6E5B4A5B2AC49BB100F41D5A /* List */ = {
			isa = PBXGroup;
			children = (
				6E9891342B95CCAD001F9B1A /* AccessoriesView.swift */,
				6EFCFFD129D07A33004B6DE8 /* NearbyDevicesView.swift */,
			);
			path = List;
			sourceTree = "<group>";
		};
		6E5B4A5C2AC49BB900F41D5A /* Detail */ = {
			isa = PBXGroup;
			children = (
				6E71637129D420860042565D /* SetupAccessoryView.swift */,
				6EFCFFEB29D134FB004B6DE8 /* NearbyAccessoryView.swift */,
				6EA074CD2B96043600D31F54 /* AccessoryDetailView.swift */,
			);
			path = Detail;
			sourceTree = "<group>";
		};
		6E5B4A612AC4C53B00F41D5A /* AppIntents */ = {
			isa = PBXGroup;
			children = (
				6E5B4A6E2AC4CE1900F41D5A /* EntityQuery */,
				6E5B4A692AC4C84D00F41D5A /* AppEnum */,
				6E5B4A632AC4C56700F41D5A /* Intent */,
				6E5B4A622AC4C56000F41D5A /* Entity */,
				6E5B4A672AC4C7AC00F41D5A /* Shortcuts.swift */,
			);
			path = AppIntents;
			sourceTree = "<group>";
		};
		6E5B4A622AC4C56000F41D5A /* Entity */ = {
			isa = PBXGroup;
			children = (
				6E5B4A642AC4C59500F41D5A /* AccessoryAppEntity.swift */,
				6E5B4A712AC4F54A00F41D5A /* CharacteristicAppEntity.swift */,
			);
			path = Entity;
			sourceTree = "<group>";
		};
		6E5B4A632AC4C56700F41D5A /* Intent */ = {
			isa = PBXGroup;
			children = (
			);
			path = Intent;
			sourceTree = "<group>";
		};
		6E5B4A692AC4C84D00F41D5A /* AppEnum */ = {
			isa = PBXGroup;
			children = (
				6E5B4A6A2AC4C85500F41D5A /* AccessoryTypeAppEnum.swift */,
				6E5B4A6C2AC4C85E00F41D5A /* ServiceTypeAppEnum.swift */,
				6E5B4A732AC4FF0900F41D5A /* CharacteristicFormatAppEnum.swift */,
				6E5B4A752AC4FF1400F41D5A /* CharacteristicUnitAppEnum.swift */,
			);
			path = AppEnum;
			sourceTree = "<group>";
		};
		6E5B4A6E2AC4CE1900F41D5A /* EntityQuery */ = {
			isa = PBXGroup;
			children = (
				6E5B4A6F2AC4CE6900F41D5A /* AccessoryEntityQuery.swift */,
				6E5B4A772AC50BA300F41D5A /* CharacteristicEntityQuery.swift */,
			);
			path = EntityQuery;
			sourceTree = "<group>";
		};
		6E5B4A792AC5334100F41D5A /* Extensions */ = {
			isa = PBXGroup;
			children = (
				6E5B4A7A2AC5334D00F41D5A /* AppIntents.swift */,
			);
			path = Extensions;
			sourceTree = "<group>";
		};
		6E8D1EA82AC1C673009ACD6D /* CoreModel */ = {
			isa = PBXGroup;
			children = (
				6E8D1EAD2AC28B15009ACD6D /* Model.swift */,
				6E8D1EA92AC1C67F009ACD6D /* AccessoryEntity.swift */,
				6E8D1EAB2AC1C755009ACD6D /* CharacteristicEntity.swift */,
				6E8D1EB32AC2B160009ACD6D /* CharacteristicValueEntity.swift */,
				6E8D1EAF2AC28F57009ACD6D /* KeyEntity.swift */,
				6E8D1EB12AC28F6B009ACD6D /* NewKeyEntity.swift */,
			);
			path = CoreModel;
			sourceTree = "<group>";
		};
		6EA0747D2B95E72D00D31F54 /* Clip */ = {
			isa = PBXGroup;
			children = (
				6EA0747E2B95E72D00D31F54 /* AppClip.swift */,
				6EA074802B95E72D00D31F54 /* ContentView.swift */,
				6EA074822B95E72E00D31F54 /* Assets.xcassets */,
				6EA074872B95E72E00D31F54 /* Info.plist */,
				6EA074882B95E72E00D31F54 /* Clip.entitlements */,
				6EA074842B95E72E00D31F54 /* Preview Content */,
			);
			path = Clip;
			sourceTree = "<group>";
		};
		6EA074842B95E72E00D31F54 /* Preview Content */ = {
			isa = PBXGroup;
			children = (
				6EA074852B95E72E00D31F54 /* Preview Assets.xcassets */,
			);
			path = "Preview Content";
			sourceTree = "<group>";
		};
		6EFCFFCA29D05F23004B6DE8 /* Extensions */ = {
			isa = PBXGroup;
			children = (
				6E71635F29D3961F0042565D /* BluetoothUUID.swift */,
				6E71637B29D4C7250042565D /* CloudKit.swift */,
				6EF1EC1D29DF747200113ED4 /* CharacteristicUnit.swift */,
				6EFCFFD329D116FA004B6DE8 /* Data.swift */,
				6EFCFFD829D116FB004B6DE8 /* DataConvertible.swift */,
				6E71636929D411DB0042565D /* Error.swift */,
				6E71637F29D4D2140042565D /* FileManager.swift */,
				6EFCFFD429D116FA004B6DE8 /* Hexadecimal.swift */,
				6EFCFFD729D116FB004B6DE8 /* iBeacon.swift */,
				6EFCFFD529D116FB004B6DE8 /* Integer.swift */,
				6E71639429D5798C0042565D /* PersistentContainer.swift */,
				6E71636529D4100A0042565D /* Permission.swift */,
				6EFCFFCC29D05F23004B6DE8 /* Task.swift */,
				6EFCFFD629D116FB004B6DE8 /* UUID.swift */,
				6EDB1A912B95B4D8003A8A7F /* SFSymbol.swift */,
			);
			path = Extensions;
			sourceTree = "<group>";
		};
		6EFCFFCF29D061B3004B6DE8 /* Model */ = {
			isa = PBXGroup;
			children = (
				6E8D1EA82AC1C673009ACD6D /* CoreModel */,
				6E71638129D4D3CE0042565D /* AccessoryCache.swift */,
				6EFCFFE529D12EBE004B6DE8 /* AccessoryInformation.swift */,
				6EFCFFC629D05E24004B6DE8 /* AccessoryManager.swift */,
				6EFCFFDF29D12E79004B6DE8 /* AccessoryManagerBluetooth.swift */,
				6E71637729D4B03E0042565D /* AccessoryManagerCloudKit.swift */,
				6E71637529D453450042565D /* AccessoryManagerContacts.swift */,
				6E71637929D4B0560042565D /* AccessoryManagerCoreData.swift */,
				6E71637D29D4D12E0042565D /* AccessoryManagerFileManager.swift */,
				6EFCFFE329D12EAD004B6DE8 /* AccessoryManagerKeychain.swift */,
				6EDB1A8F2B950CFE003A8A7F /* AccessoryManagerPreferences.swift */,
				6EFCFFE129D12EA4004B6DE8 /* AccessoryManagerLog.swift */,
				6EA074D32B96A10800D31F54 /* AccessoryManagerSpotlight.swift */,
				6EFCFFE729D12ECA004B6DE8 /* AccessoryPeripheral.swift */,
				6E71636329D40FF10042565D /* BeaconController.swift */,
				6EA074D12B9692AF00D31F54 /* CoreSpotlight.swift */,
				6EFCFFCB29D05F23004B6DE8 /* Central.swift */,
				6E63874129D1679400E1BD42 /* CharacteristicCache.swift */,
				6E71638529D4E13E0042565D /* JSONFile.swift */,
				6E71636129D40FDD0042565D /* NetworkMonitor.swift */,
				6E71637329D428D40042565D /* NewKeyDocument.swift */,
				6E71636729D410B20042565D /* Preferences.swift */,
				6EFCFFE929D12EDB004B6DE8 /* ScanDataCache.swift */,
			);
			path = Model;
			sourceTree = "<group>";
		};
		6EFCFFD029D078AF004B6DE8 /* Views */ = {
			isa = PBXGroup;
			children = (
				6E5B4A5C2AC49BB900F41D5A /* Detail */,
				6E5B4A5B2AC49BB100F41D5A /* List */,
				6E5B4A5A2AC49BAC00F41D5A /* Row */,
			);
			path = Views;
			sourceTree = "<group>";
		};
/* End PBXGroup section */

/* Begin PBXHeadersBuildPhase section */
		6E2C9BA929CF5BF9002F1B28 /* Headers */ = {
			isa = PBXHeadersBuildPhase;
			buildActionMask = 2147483647;
			files = (
			);
			runOnlyForDeploymentPostprocessing = 0;
		};
/* End PBXHeadersBuildPhase section */

/* Begin PBXNativeTarget section */
		6E2C9B9629CF5AD2002F1B28 /* BluetoothAccessoryApp */ = {
			isa = PBXNativeTarget;
			buildConfigurationList = 6E2C9BA629CF5AD3002F1B28 /* Build configuration list for PBXNativeTarget "BluetoothAccessoryApp" */;
			buildPhases = (
				6E2C9B9329CF5AD2002F1B28 /* Sources */,
				6E2C9B9429CF5AD2002F1B28 /* Frameworks */,
				6E2C9B9529CF5AD2002F1B28 /* Resources */,
				6E2C9BB629CF5BF9002F1B28 /* Embed Frameworks */,
				6EA0748C2B95E72E00D31F54 /* Embed App Clips */,
			);
			buildRules = (
			);
			dependencies = (
				6E2C9BB329CF5BF9002F1B28 /* PBXTargetDependency */,
				6EA0748A2B95E72E00D31F54 /* PBXTargetDependency */,
			);
			name = BluetoothAccessoryApp;
			productName = BluetoothAccessory;
			productReference = 6E2C9B9729CF5AD2002F1B28 /* BluetoothAccessoryApp.app */;
			productType = "com.apple.product-type.application";
		};
		6E2C9BAD29CF5BF9002F1B28 /* BluetoothAccessoryKit */ = {
			isa = PBXNativeTarget;
			buildConfigurationList = 6E2C9BB929CF5BF9002F1B28 /* Build configuration list for PBXNativeTarget "BluetoothAccessoryKit" */;
			buildPhases = (
				6E2C9BA929CF5BF9002F1B28 /* Headers */,
				6E2C9BAA29CF5BF9002F1B28 /* Sources */,
				6E2C9BAB29CF5BF9002F1B28 /* Frameworks */,
				6E2C9BAC29CF5BF9002F1B28 /* Resources */,
			);
			buildRules = (
			);
			dependencies = (
			);
			name = BluetoothAccessoryKit;
			packageProductDependencies = (
				6E2C9BC329CF5EA5002F1B28 /* BluetoothAccessory */,
				6E2C9BC929CF6224002F1B28 /* SFSafeSymbols */,
				6E2C9BCF29CF62F3002F1B28 /* KeychainAccess */,
				6E2C9BD229CF6341002F1B28 /* CodeScanner */,
				6E2C9BD529CF637D002F1B28 /* DarwinGATT */,
				6E2C9BD729CF637D002F1B28 /* GATT */,
				6E8D1EA42AC11E12009ACD6D /* CoreDataModel */,
				6E8D1EA62AC11E12009ACD6D /* CoreModel */,
			);
			productName = BluetoothAccessoryKit;
			productReference = 6E2C9BAE29CF5BF9002F1B28 /* BluetoothAccessoryKit.framework */;
			productType = "com.apple.product-type.framework";
		};
		6EA0747B2B95E72D00D31F54 /* Clip */ = {
			isa = PBXNativeTarget;
			buildConfigurationList = 6EA0748F2B95E72E00D31F54 /* Build configuration list for PBXNativeTarget "Clip" */;
			buildPhases = (
				6EA074782B95E72D00D31F54 /* Sources */,
				6EA074792B95E72D00D31F54 /* Frameworks */,
				6EA0747A2B95E72D00D31F54 /* Resources */,
			);
			buildRules = (
			);
			dependencies = (
			);
			name = Clip;
			packageProductDependencies = (
				6EA074902B95E82700D31F54 /* BluetoothAccessory */,
				6EA074942B95E82700D31F54 /* KeychainAccess */,
				6EA074962B95E82700D31F54 /* DarwinGATT */,
				6EA074982B95E82700D31F54 /* GATT */,
				6EA0749A2B95E82700D31F54 /* CoreDataModel */,
				6EA0749C2B95E82700D31F54 /* CoreModel */,
			);
			productName = Clip;
			productReference = 6EA0747C2B95E72D00D31F54 /* Clip.app */;
			productType = "com.apple.product-type.application.on-demand-install-capable";
		};
/* End PBXNativeTarget section */

/* Begin PBXProject section */
		6E2C9B8F29CF5AD2002F1B28 /* Project object */ = {
			isa = PBXProject;
			attributes = {
				BuildIndependentTargetsInParallel = 1;
				LastSwiftUpdateCheck = 1520;
				LastUpgradeCheck = 1500;
				TargetAttributes = {
					6E2C9B9629CF5AD2002F1B28 = {
						CreatedOnToolsVersion = 14.2;
					};
					6E2C9BAD29CF5BF9002F1B28 = {
						CreatedOnToolsVersion = 14.2;
						LastSwiftMigration = 1420;
					};
					6EA0747B2B95E72D00D31F54 = {
						CreatedOnToolsVersion = 15.2;
					};
				};
			};
			buildConfigurationList = 6E2C9B9229CF5AD2002F1B28 /* Build configuration list for PBXProject "BluetoothAccessory" */;
			compatibilityVersion = "Xcode 15.0";
			developmentRegion = en;
			hasScannedForEncodings = 0;
			knownRegions = (
				en,
				Base,
			);
			mainGroup = 6E2C9B8E29CF5AD2002F1B28;
			packageReferences = (
				6E2C9BC829CF6224002F1B28 /* XCRemoteSwiftPackageReference "SFSafeSymbols" */,
				6E2C9BCE29CF62F3002F1B28 /* XCRemoteSwiftPackageReference "KeychainAccess" */,
				6E2C9BD129CF6341002F1B28 /* XCRemoteSwiftPackageReference "CodeScanner" */,
				6E2C9BD429CF637D002F1B28 /* XCRemoteSwiftPackageReference "GATT" */,
				6E8D1EA32AC11E12009ACD6D /* XCRemoteSwiftPackageReference "CoreModel" */,
			);
			productRefGroup = 6E2C9B9829CF5AD2002F1B28 /* Products */;
			projectDirPath = "";
			projectRoot = "";
			targets = (
				6E2C9B9629CF5AD2002F1B28 /* BluetoothAccessoryApp */,
				6E2C9BAD29CF5BF9002F1B28 /* BluetoothAccessoryKit */,
				6EA0747B2B95E72D00D31F54 /* Clip */,
			);
		};
/* End PBXProject section */

/* Begin PBXResourcesBuildPhase section */
		6E2C9B9529CF5AD2002F1B28 /* Resources */ = {
			isa = PBXResourcesBuildPhase;
			buildActionMask = 2147483647;
			files = (
				6E2C9BA329CF5AD3002F1B28 /* Preview Assets.xcassets in Resources */,
				6E2C9B9F29CF5AD3002F1B28 /* Assets.xcassets in Resources */,
			);
			runOnlyForDeploymentPostprocessing = 0;
		};
		6E2C9BAC29CF5BF9002F1B28 /* Resources */ = {
			isa = PBXResourcesBuildPhase;
			buildActionMask = 2147483647;
			files = (
			);
			runOnlyForDeploymentPostprocessing = 0;
		};
		6EA0747A2B95E72D00D31F54 /* Resources */ = {
			isa = PBXResourcesBuildPhase;
			buildActionMask = 2147483647;
			files = (
				6EA074862B95E72E00D31F54 /* Preview Assets.xcassets in Resources */,
				6EA074832B95E72E00D31F54 /* Assets.xcassets in Resources */,
			);
			runOnlyForDeploymentPostprocessing = 0;
		};
/* End PBXResourcesBuildPhase section */

/* Begin PBXSourcesBuildPhase section */
		6E2C9B9329CF5AD2002F1B28 /* Sources */ = {
			isa = PBXSourcesBuildPhase;
			buildActionMask = 2147483647;
			files = (
				6E5B4A6B2AC4C85500F41D5A /* AccessoryTypeAppEnum.swift in Sources */,
				6E71638929D565710042565D /* InfoPlist.swift in Sources */,
				6E5B4A742AC4FF0900F41D5A /* CharacteristicFormatAppEnum.swift in Sources */,
				6E5B4A7B2AC5334D00F41D5A /* AppIntents.swift in Sources */,
				6E9891332B95CA6D001F9B1A /* TabView.swift in Sources */,
				6E5B4A662AC4C5AC00F41D5A /* AccessoryAppEntity.swift in Sources */,
				6E5B4A762AC4FF1400F41D5A /* CharacteristicUnitAppEnum.swift in Sources */,
				6E2C9B9D29CF5AD2002F1B28 /* ContentView.swift in Sources */,
				6E5B4A782AC50BA300F41D5A /* CharacteristicEntityQuery.swift in Sources */,
				6E5B4A702AC4CE6900F41D5A /* AccessoryEntityQuery.swift in Sources */,
				6E5B4A722AC4F54A00F41D5A /* CharacteristicAppEntity.swift in Sources */,
				6E2C9B9B29CF5AD2002F1B28 /* App.swift in Sources */,
				6E5B4A682AC4C7AC00F41D5A /* Shortcuts.swift in Sources */,
				6E5B4A6D2AC4C85E00F41D5A /* ServiceTypeAppEnum.swift in Sources */,
			);
			runOnlyForDeploymentPostprocessing = 0;
		};
		6E2C9BAA29CF5BF9002F1B28 /* Sources */ = {
			isa = PBXSourcesBuildPhase;
			buildActionMask = 2147483647;
			files = (
				6E9891352B95CCAD001F9B1A /* AccessoriesView.swift in Sources */,
				6E9891372B95CE87001F9B1A /* AccessoryRow.swift in Sources */,
				6EFCFFEC29D134FB004B6DE8 /* NearbyAccessoryView.swift in Sources */,
				6E71636229D40FDD0042565D /* NetworkMonitor.swift in Sources */,
				6EDB1A922B95B4D8003A8A7F /* SFSymbol.swift in Sources */,
				6E71637E29D4D12E0042565D /* AccessoryManagerFileManager.swift in Sources */,
				6EFCFFE229D12EA4004B6DE8 /* AccessoryManagerLog.swift in Sources */,
				6EFCFFEA29D12EDB004B6DE8 /* ScanDataCache.swift in Sources */,
				6E5B4A602AC4C00500F41D5A /* DetailRow.swift in Sources */,
				6E71637C29D4C7250042565D /* CloudKit.swift in Sources */,
				6EFCFFDC29D116FB004B6DE8 /* UUID.swift in Sources */,
				6E71637A29D4B0560042565D /* AccessoryManagerCoreData.swift in Sources */,
				6E8D1EB22AC28F6B009ACD6D /* NewKeyEntity.swift in Sources */,
				6EFCFFCE29D05F23004B6DE8 /* Task.swift in Sources */,
				6E71636629D4100A0042565D /* Permission.swift in Sources */,
				6E71636429D40FF10042565D /* BeaconController.swift in Sources */,
				6EA074D22B9692AF00D31F54 /* CoreSpotlight.swift in Sources */,
				6EFCFFD929D116FB004B6DE8 /* Data.swift in Sources */,
				6EFCFFDE29D116FB004B6DE8 /* DataConvertible.swift in Sources */,
				6EA074CE2B96043600D31F54 /* AccessoryDetailView.swift in Sources */,
				6EFCFFDD29D116FB004B6DE8 /* iBeacon.swift in Sources */,
				6E2C9BBB29CF5C47002F1B28 /* BluetoothAccessoryKit.swift in Sources */,
				6E71637029D41C1A0042565D /* SetupCharacteristicRow.swift in Sources */,
				6E71636A29D411DB0042565D /* Error.swift in Sources */,
				6EFCFFE029D12E79004B6DE8 /* AccessoryManagerBluetooth.swift in Sources */,
				6EA074D42B96A10800D31F54 /* AccessoryManagerSpotlight.swift in Sources */,
				6E8D1EAC2AC1C755009ACD6D /* CharacteristicEntity.swift in Sources */,
				6E71637429D428D40042565D /* NewKeyDocument.swift in Sources */,
				6E71638029D4D2140042565D /* FileManager.swift in Sources */,
				6E71638229D4D3CE0042565D /* AccessoryCache.swift in Sources */,
				6EFCFFE629D12EBE004B6DE8 /* AccessoryInformation.swift in Sources */,
				6EFCFFC729D05E24004B6DE8 /* AccessoryManager.swift in Sources */,
				6EFCFFD229D07A33004B6DE8 /* NearbyDevicesView.swift in Sources */,
				6E71636829D410B20042565D /* Preferences.swift in Sources */,
				6EF1EC1E29DF747200113ED4 /* CharacteristicUnit.swift in Sources */,
				6E8D1EB02AC28F57009ACD6D /* KeyEntity.swift in Sources */,
				6E71638629D4E13E0042565D /* JSONFile.swift in Sources */,
				6EFCFFCD29D05F23004B6DE8 /* Central.swift in Sources */,
				6E5B4A5E2AC4BFED00F41D5A /* SubtitleRow.swift in Sources */,
				6EFCFFE829D12ECA004B6DE8 /* AccessoryPeripheral.swift in Sources */,
				6EFCFFE429D12EAD004B6DE8 /* AccessoryManagerKeychain.swift in Sources */,
				6EDB1A902B950CFE003A8A7F /* AccessoryManagerPreferences.swift in Sources */,
				6E63874629D19C1200E1BD42 /* AccessoryCharacteristicRow.swift in Sources */,
				6E8D1EAE2AC28B15009ACD6D /* Model.swift in Sources */,
				6E63874229D1679400E1BD42 /* CharacteristicCache.swift in Sources */,
				6E8D1EB42AC2B160009ACD6D /* CharacteristicValueEntity.swift in Sources */,
				6E71639529D5798C0042565D /* PersistentContainer.swift in Sources */,
				6E71637829D4B03E0042565D /* AccessoryManagerCloudKit.swift in Sources */,
				6EFCFFDB29D116FB004B6DE8 /* Integer.swift in Sources */,
				6EFCFFDA29D116FB004B6DE8 /* Hexadecimal.swift in Sources */,
				6E8D1EAA2AC1C67F009ACD6D /* AccessoryEntity.swift in Sources */,
				6E71636029D3961F0042565D /* BluetoothUUID.swift in Sources */,
				6E71637229D420860042565D /* SetupAccessoryView.swift in Sources */,
				6E71637629D453450042565D /* AccessoryManagerContacts.swift in Sources */,
			);
			runOnlyForDeploymentPostprocessing = 0;
		};
		6EA074782B95E72D00D31F54 /* Sources */ = {
			isa = PBXSourcesBuildPhase;
			buildActionMask = 2147483647;
			files = (
				6EA074CA2B95E93700D31F54 /* AccessoryRow.swift in Sources */,
				6EA074C42B95E91D00D31F54 /* AccessoryManager.swift in Sources */,
				6EA074AB2B95E91100D31F54 /* Error.swift in Sources */,
				6EA074BE2B95E91D00D31F54 /* AccessoryManagerPreferences.swift in Sources */,
				6EA074BC2B95E91D00D31F54 /* AccessoryCache.swift in Sources */,
				6EA074B72B95E91D00D31F54 /* CharacteristicCache.swift in Sources */,
				6EA074C62B95E91D00D31F54 /* AccessoryManagerKeychain.swift in Sources */,
				6EA074BA2B95E91D00D31F54 /* NetworkMonitor.swift in Sources */,
				6EA074C52B95E91D00D31F54 /* AccessoryManagerContacts.swift in Sources */,
				6EA074C72B95E91D00D31F54 /* Central.swift in Sources */,
				6EA074BD2B95E91D00D31F54 /* AccessoryManagerCoreData.swift in Sources */,
				6EA074A12B95E91100D31F54 /* UUID.swift in Sources */,
				6EA0749E2B95E91100D31F54 /* FileManager.swift in Sources */,
				6EA074B02B95E91600D31F54 /* KeyEntity.swift in Sources */,
				6EA074A42B95E91100D31F54 /* Integer.swift in Sources */,
				6EA074D02B96563800D31F54 /* AccessoriesView.swift in Sources */,
				6EA074A52B95E91100D31F54 /* Permission.swift in Sources */,
				6EA074A82B95E91100D31F54 /* DataConvertible.swift in Sources */,
				6EA074CC2B95F3F800D31F54 /* InfoPlist.swift in Sources */,
				6EA074B62B95E91D00D31F54 /* AccessoryPeripheral.swift in Sources */,
				6EA074B32B95E91600D31F54 /* AccessoryEntity.swift in Sources */,
				6EA074B22B95E91600D31F54 /* NewKeyEntity.swift in Sources */,
				6EA074B12B95E91600D31F54 /* CharacteristicEntity.swift in Sources */,
				6EA074B92B95E91D00D31F54 /* AccessoryManagerFileManager.swift in Sources */,
				6EA074A22B95E91100D31F54 /* CharacteristicUnit.swift in Sources */,
				6EA074AF2B95E91600D31F54 /* CharacteristicValueEntity.swift in Sources */,
				6EA074A92B95E91100D31F54 /* Data.swift in Sources */,
				6EA074D52B96A22600D31F54 /* CoreSpotlight.swift in Sources */,
				6EA074AC2B95E91100D31F54 /* Hexadecimal.swift in Sources */,
				6EA074D62B96A25100D31F54 /* AccessoryManagerSpotlight.swift in Sources */,
				6EA074C32B95E91D00D31F54 /* AccessoryInformation.swift in Sources */,
				6EA0749F2B95E91100D31F54 /* iBeacon.swift in Sources */,
				6EA074C82B95E92800D31F54 /* SetupAccessoryView.swift in Sources */,
				6EA074B52B95E91D00D31F54 /* AccessoryManagerLog.swift in Sources */,
				6EA074A02B95E91100D31F54 /* Task.swift in Sources */,
				6EA074CB2B95F21800D31F54 /* CloudKit.swift in Sources */,
				6EA074BB2B95E91D00D31F54 /* AccessoryManagerBluetooth.swift in Sources */,
				6EA074A72B95E91100D31F54 /* PersistentContainer.swift in Sources */,
				6EA074812B95E72D00D31F54 /* ContentView.swift in Sources */,
				6EA074B82B95E91D00D31F54 /* NewKeyDocument.swift in Sources */,
				6EA074C02B95E91D00D31F54 /* Preferences.swift in Sources */,
				6EA0747F2B95E72D00D31F54 /* AppClip.swift in Sources */,
				6EA074B42B95E91D00D31F54 /* AccessoryManagerCloudKit.swift in Sources */,
				6EA074CF2B96043A00D31F54 /* AccessoryDetailView.swift in Sources */,
				6EA074AE2B95E91600D31F54 /* Model.swift in Sources */,
				6EA074AA2B95E91100D31F54 /* BluetoothUUID.swift in Sources */,
				6EA074C12B95E91D00D31F54 /* ScanDataCache.swift in Sources */,
				6EA074A62B95E91100D31F54 /* SFSymbol.swift in Sources */,
				6EA074C22B95E91D00D31F54 /* BeaconController.swift in Sources */,
				6EA074BF2B95E91D00D31F54 /* JSONFile.swift in Sources */,
			);
			runOnlyForDeploymentPostprocessing = 0;
		};
/* End PBXSourcesBuildPhase section */

/* Begin PBXTargetDependency section */
		6E2C9BB329CF5BF9002F1B28 /* PBXTargetDependency */ = {
			isa = PBXTargetDependency;
			target = 6E2C9BAD29CF5BF9002F1B28 /* BluetoothAccessoryKit */;
			targetProxy = 6E2C9BB229CF5BF9002F1B28 /* PBXContainerItemProxy */;
		};
		6EA0748A2B95E72E00D31F54 /* PBXTargetDependency */ = {
			isa = PBXTargetDependency;
			target = 6EA0747B2B95E72D00D31F54 /* Clip */;
			targetProxy = 6EA074892B95E72E00D31F54 /* PBXContainerItemProxy */;
		};
/* End PBXTargetDependency section */

/* Begin XCBuildConfiguration section */
		6E2C9BA429CF5AD3002F1B28 /* Debug */ = {
			isa = XCBuildConfiguration;
			buildSettings = {
				ALWAYS_SEARCH_USER_PATHS = NO;
				ASSETCATALOG_COMPILER_GENERATE_SWIFT_ASSET_SYMBOL_EXTENSIONS = YES;
				CLANG_ANALYZER_NONNULL = YES;
				CLANG_ANALYZER_NUMBER_OBJECT_CONVERSION = YES_AGGRESSIVE;
				CLANG_CXX_LANGUAGE_STANDARD = "gnu++20";
				CLANG_ENABLE_MODULES = YES;
				CLANG_ENABLE_OBJC_ARC = YES;
				CLANG_ENABLE_OBJC_WEAK = YES;
				CLANG_WARN_BLOCK_CAPTURE_AUTORELEASING = YES;
				CLANG_WARN_BOOL_CONVERSION = YES;
				CLANG_WARN_COMMA = YES;
				CLANG_WARN_CONSTANT_CONVERSION = YES;
				CLANG_WARN_DEPRECATED_OBJC_IMPLEMENTATIONS = YES;
				CLANG_WARN_DIRECT_OBJC_ISA_USAGE = YES_ERROR;
				CLANG_WARN_DOCUMENTATION_COMMENTS = YES;
				CLANG_WARN_EMPTY_BODY = YES;
				CLANG_WARN_ENUM_CONVERSION = YES;
				CLANG_WARN_INFINITE_RECURSION = YES;
				CLANG_WARN_INT_CONVERSION = YES;
				CLANG_WARN_NON_LITERAL_NULL_CONVERSION = YES;
				CLANG_WARN_OBJC_IMPLICIT_RETAIN_SELF = YES;
				CLANG_WARN_OBJC_LITERAL_CONVERSION = YES;
				CLANG_WARN_OBJC_ROOT_CLASS = YES_ERROR;
				CLANG_WARN_QUOTED_INCLUDE_IN_FRAMEWORK_HEADER = YES;
				CLANG_WARN_RANGE_LOOP_ANALYSIS = YES;
				CLANG_WARN_STRICT_PROTOTYPES = YES;
				CLANG_WARN_SUSPICIOUS_MOVE = YES;
				CLANG_WARN_UNGUARDED_AVAILABILITY = YES_AGGRESSIVE;
				CLANG_WARN_UNREACHABLE_CODE = YES;
				CLANG_WARN__DUPLICATE_METHOD_MATCH = YES;
				COPY_PHASE_STRIP = NO;
				DEAD_CODE_STRIPPING = YES;
				DEBUG_INFORMATION_FORMAT = dwarf;
				ENABLE_STRICT_OBJC_MSGSEND = YES;
				ENABLE_TESTABILITY = YES;
				ENABLE_USER_SCRIPT_SANDBOXING = YES;
				GCC_C_LANGUAGE_STANDARD = gnu11;
				GCC_DYNAMIC_NO_PIC = NO;
				GCC_NO_COMMON_BLOCKS = YES;
				GCC_OPTIMIZATION_LEVEL = 0;
				GCC_PREPROCESSOR_DEFINITIONS = (
					"DEBUG=1",
					"$(inherited)",
				);
				GCC_WARN_64_TO_32_BIT_CONVERSION = YES;
				GCC_WARN_ABOUT_RETURN_TYPE = YES_ERROR;
				GCC_WARN_UNDECLARED_SELECTOR = YES;
				GCC_WARN_UNINITIALIZED_AUTOS = YES_AGGRESSIVE;
				GCC_WARN_UNUSED_FUNCTION = YES;
				GCC_WARN_UNUSED_VARIABLE = YES;
				IPHONEOS_DEPLOYMENT_TARGET = 15.0;
				MACOSX_DEPLOYMENT_TARGET = 12.0;
				MTL_ENABLE_DEBUG_INFO = INCLUDE_SOURCE;
				MTL_FAST_MATH = YES;
				ONLY_ACTIVE_ARCH = YES;
				SWIFT_ACTIVE_COMPILATION_CONDITIONS = DEBUG;
				SWIFT_OPTIMIZATION_LEVEL = "-Onone";
				TVOS_DEPLOYMENT_TARGET = 15.0;
				WATCHOS_DEPLOYMENT_TARGET = 8.0;
			};
			name = Debug;
		};
		6E2C9BA529CF5AD3002F1B28 /* Release */ = {
			isa = XCBuildConfiguration;
			buildSettings = {
				ALWAYS_SEARCH_USER_PATHS = NO;
				ASSETCATALOG_COMPILER_GENERATE_SWIFT_ASSET_SYMBOL_EXTENSIONS = YES;
				CLANG_ANALYZER_NONNULL = YES;
				CLANG_ANALYZER_NUMBER_OBJECT_CONVERSION = YES_AGGRESSIVE;
				CLANG_CXX_LANGUAGE_STANDARD = "gnu++20";
				CLANG_ENABLE_MODULES = YES;
				CLANG_ENABLE_OBJC_ARC = YES;
				CLANG_ENABLE_OBJC_WEAK = YES;
				CLANG_WARN_BLOCK_CAPTURE_AUTORELEASING = YES;
				CLANG_WARN_BOOL_CONVERSION = YES;
				CLANG_WARN_COMMA = YES;
				CLANG_WARN_CONSTANT_CONVERSION = YES;
				CLANG_WARN_DEPRECATED_OBJC_IMPLEMENTATIONS = YES;
				CLANG_WARN_DIRECT_OBJC_ISA_USAGE = YES_ERROR;
				CLANG_WARN_DOCUMENTATION_COMMENTS = YES;
				CLANG_WARN_EMPTY_BODY = YES;
				CLANG_WARN_ENUM_CONVERSION = YES;
				CLANG_WARN_INFINITE_RECURSION = YES;
				CLANG_WARN_INT_CONVERSION = YES;
				CLANG_WARN_NON_LITERAL_NULL_CONVERSION = YES;
				CLANG_WARN_OBJC_IMPLICIT_RETAIN_SELF = YES;
				CLANG_WARN_OBJC_LITERAL_CONVERSION = YES;
				CLANG_WARN_OBJC_ROOT_CLASS = YES_ERROR;
				CLANG_WARN_QUOTED_INCLUDE_IN_FRAMEWORK_HEADER = YES;
				CLANG_WARN_RANGE_LOOP_ANALYSIS = YES;
				CLANG_WARN_STRICT_PROTOTYPES = YES;
				CLANG_WARN_SUSPICIOUS_MOVE = YES;
				CLANG_WARN_UNGUARDED_AVAILABILITY = YES_AGGRESSIVE;
				CLANG_WARN_UNREACHABLE_CODE = YES;
				CLANG_WARN__DUPLICATE_METHOD_MATCH = YES;
				COPY_PHASE_STRIP = NO;
				DEAD_CODE_STRIPPING = YES;
				DEBUG_INFORMATION_FORMAT = "dwarf-with-dsym";
				ENABLE_NS_ASSERTIONS = NO;
				ENABLE_STRICT_OBJC_MSGSEND = YES;
				ENABLE_USER_SCRIPT_SANDBOXING = YES;
				GCC_C_LANGUAGE_STANDARD = gnu11;
				GCC_NO_COMMON_BLOCKS = YES;
				GCC_WARN_64_TO_32_BIT_CONVERSION = YES;
				GCC_WARN_ABOUT_RETURN_TYPE = YES_ERROR;
				GCC_WARN_UNDECLARED_SELECTOR = YES;
				GCC_WARN_UNINITIALIZED_AUTOS = YES_AGGRESSIVE;
				GCC_WARN_UNUSED_FUNCTION = YES;
				GCC_WARN_UNUSED_VARIABLE = YES;
				IPHONEOS_DEPLOYMENT_TARGET = 15.0;
				MACOSX_DEPLOYMENT_TARGET = 12.0;
				MTL_ENABLE_DEBUG_INFO = NO;
				MTL_FAST_MATH = YES;
				SWIFT_COMPILATION_MODE = wholemodule;
				SWIFT_OPTIMIZATION_LEVEL = "-O";
				TVOS_DEPLOYMENT_TARGET = 15.0;
				WATCHOS_DEPLOYMENT_TARGET = 8.0;
			};
			name = Release;
		};
		6E2C9BA729CF5AD3002F1B28 /* Debug */ = {
			isa = XCBuildConfiguration;
			buildSettings = {
				ALWAYS_EMBED_SWIFT_STANDARD_LIBRARIES = YES;
				ASSETCATALOG_COMPILER_APPICON_NAME = AppIcon;
				ASSETCATALOG_COMPILER_GLOBAL_ACCENT_COLOR_NAME = AccentColor;
				CODE_SIGN_ENTITLEMENTS = BluetoothAccessory/BluetoothAccessory.entitlements;
				CODE_SIGN_STYLE = Automatic;
				CURRENT_PROJECT_VERSION = 1;
				DEAD_CODE_STRIPPING = YES;
				DEVELOPMENT_ASSET_PATHS = "\"BluetoothAccessory/Preview Content\"";
				DEVELOPMENT_TEAM = 4W79SG34MW;
				ENABLE_HARDENED_RUNTIME = YES;
				"ENABLE_HARDENED_RUNTIME[sdk=macosx*]" = YES;
				ENABLE_PREVIEWS = YES;
				GENERATE_INFOPLIST_FILE = YES;
				INFOPLIST_FILE = "BluetoothAccessory/BluetoothAccessoryApp-Info.plist";
				INFOPLIST_KEY_CFBundleDisplayName = Accessory;
				INFOPLIST_KEY_LSApplicationCategoryType = "public.app-category.utilities";
				INFOPLIST_KEY_NSBluetoothAlwaysUsageDescription = "Bluetooth is needed to communicate with accessories.";
				INFOPLIST_KEY_NSCameraUsageDescription = "Access to the camera is needed for scanning pairing codes.";
				INFOPLIST_KEY_NSContactsUsageDescription = "Access to your contacts is needed to load email addresses for users.";
				INFOPLIST_KEY_NSLocationAlwaysAndWhenInUseUsageDescription = "Location access is needed for iBeacon tracking.";
				"INFOPLIST_KEY_UIApplicationSceneManifest_Generation[sdk=iphoneos*]" = YES;
				"INFOPLIST_KEY_UIApplicationSceneManifest_Generation[sdk=iphonesimulator*]" = YES;
				"INFOPLIST_KEY_UIApplicationSupportsIndirectInputEvents[sdk=iphoneos*]" = YES;
				"INFOPLIST_KEY_UIApplicationSupportsIndirectInputEvents[sdk=iphonesimulator*]" = YES;
				"INFOPLIST_KEY_UILaunchScreen_Generation[sdk=iphoneos*]" = YES;
				"INFOPLIST_KEY_UILaunchScreen_Generation[sdk=iphonesimulator*]" = YES;
				"INFOPLIST_KEY_UIStatusBarStyle[sdk=iphoneos*]" = UIStatusBarStyleDefault;
				"INFOPLIST_KEY_UIStatusBarStyle[sdk=iphonesimulator*]" = UIStatusBarStyleDefault;
				INFOPLIST_KEY_UISupportedInterfaceOrientations_iPad = "UIInterfaceOrientationPortrait UIInterfaceOrientationPortraitUpsideDown UIInterfaceOrientationLandscapeLeft UIInterfaceOrientationLandscapeRight";
				INFOPLIST_KEY_UISupportedInterfaceOrientations_iPhone = "UIInterfaceOrientationPortrait UIInterfaceOrientationLandscapeLeft UIInterfaceOrientationLandscapeRight";
				LD_RUNPATH_SEARCH_PATHS = "@executable_path/Frameworks";
				"LD_RUNPATH_SEARCH_PATHS[sdk=macosx*]" = "@executable_path/../Frameworks";
				MARKETING_VERSION = 1.0;
				PRODUCT_BUNDLE_IDENTIFIER = com.colemancda.BluetoothAccessory;
				PRODUCT_NAME = "$(TARGET_NAME)";
				SDKROOT = auto;
				SUPPORTED_PLATFORMS = "iphoneos iphonesimulator macosx xros xrsimulator";
				SUPPORTS_MACCATALYST = NO;
				SWIFT_EMIT_LOC_STRINGS = YES;
				SWIFT_VERSION = 5.0;
				TARGETED_DEVICE_FAMILY = "1,2,7";
			};
			name = Debug;
		};
		6E2C9BA829CF5AD3002F1B28 /* Release */ = {
			isa = XCBuildConfiguration;
			buildSettings = {
				ALWAYS_EMBED_SWIFT_STANDARD_LIBRARIES = YES;
				ASSETCATALOG_COMPILER_APPICON_NAME = AppIcon;
				ASSETCATALOG_COMPILER_GLOBAL_ACCENT_COLOR_NAME = AccentColor;
				CODE_SIGN_ENTITLEMENTS = BluetoothAccessory/BluetoothAccessory.entitlements;
				CODE_SIGN_STYLE = Automatic;
				CURRENT_PROJECT_VERSION = 1;
				DEAD_CODE_STRIPPING = YES;
				DEVELOPMENT_ASSET_PATHS = "\"BluetoothAccessory/Preview Content\"";
				DEVELOPMENT_TEAM = 4W79SG34MW;
				ENABLE_HARDENED_RUNTIME = YES;
				"ENABLE_HARDENED_RUNTIME[sdk=macosx*]" = YES;
				ENABLE_PREVIEWS = YES;
				GENERATE_INFOPLIST_FILE = YES;
				INFOPLIST_FILE = "BluetoothAccessory/BluetoothAccessoryApp-Info.plist";
				INFOPLIST_KEY_CFBundleDisplayName = Accessory;
				INFOPLIST_KEY_LSApplicationCategoryType = "public.app-category.utilities";
				INFOPLIST_KEY_NSBluetoothAlwaysUsageDescription = "Bluetooth is needed to communicate with accessories.";
				INFOPLIST_KEY_NSCameraUsageDescription = "Access to the camera is needed for scanning pairing codes.";
				INFOPLIST_KEY_NSContactsUsageDescription = "Access to your contacts is needed to load email addresses for users.";
				INFOPLIST_KEY_NSLocationAlwaysAndWhenInUseUsageDescription = "Location access is needed for iBeacon tracking.";
				"INFOPLIST_KEY_UIApplicationSceneManifest_Generation[sdk=iphoneos*]" = YES;
				"INFOPLIST_KEY_UIApplicationSceneManifest_Generation[sdk=iphonesimulator*]" = YES;
				"INFOPLIST_KEY_UIApplicationSupportsIndirectInputEvents[sdk=iphoneos*]" = YES;
				"INFOPLIST_KEY_UIApplicationSupportsIndirectInputEvents[sdk=iphonesimulator*]" = YES;
				"INFOPLIST_KEY_UILaunchScreen_Generation[sdk=iphoneos*]" = YES;
				"INFOPLIST_KEY_UILaunchScreen_Generation[sdk=iphonesimulator*]" = YES;
				"INFOPLIST_KEY_UIStatusBarStyle[sdk=iphoneos*]" = UIStatusBarStyleDefault;
				"INFOPLIST_KEY_UIStatusBarStyle[sdk=iphonesimulator*]" = UIStatusBarStyleDefault;
				INFOPLIST_KEY_UISupportedInterfaceOrientations_iPad = "UIInterfaceOrientationPortrait UIInterfaceOrientationPortraitUpsideDown UIInterfaceOrientationLandscapeLeft UIInterfaceOrientationLandscapeRight";
				INFOPLIST_KEY_UISupportedInterfaceOrientations_iPhone = "UIInterfaceOrientationPortrait UIInterfaceOrientationLandscapeLeft UIInterfaceOrientationLandscapeRight";
				LD_RUNPATH_SEARCH_PATHS = "@executable_path/Frameworks";
				"LD_RUNPATH_SEARCH_PATHS[sdk=macosx*]" = "@executable_path/../Frameworks";
				MARKETING_VERSION = 1.0;
				PRODUCT_BUNDLE_IDENTIFIER = com.colemancda.BluetoothAccessory;
				PRODUCT_NAME = "$(TARGET_NAME)";
				SDKROOT = auto;
				SUPPORTED_PLATFORMS = "iphoneos iphonesimulator macosx xros xrsimulator";
				SUPPORTS_MACCATALYST = NO;
				SWIFT_EMIT_LOC_STRINGS = YES;
				SWIFT_VERSION = 5.0;
				TARGETED_DEVICE_FAMILY = "1,2,7";
			};
			name = Release;
		};
		6E2C9BB729CF5BF9002F1B28 /* Debug */ = {
			isa = XCBuildConfiguration;
			buildSettings = {
				CLANG_ENABLE_MODULES = YES;
				CODE_SIGN_IDENTITY = "";
				CODE_SIGN_STYLE = Automatic;
				CURRENT_PROJECT_VERSION = 1;
				DEAD_CODE_STRIPPING = YES;
				DEFINES_MODULE = YES;
				DEVELOPMENT_TEAM = 4W79SG34MW;
				DYLIB_COMPATIBILITY_VERSION = 1;
				DYLIB_CURRENT_VERSION = 1;
				DYLIB_INSTALL_NAME_BASE = "@rpath";
				ENABLE_MODULE_VERIFIER = YES;
				GENERATE_INFOPLIST_FILE = YES;
				INFOPLIST_KEY_NSHumanReadableCopyright = "";
				INSTALL_PATH = "$(LOCAL_LIBRARY_DIR)/Frameworks";
				LD_RUNPATH_SEARCH_PATHS = (
					"@executable_path/Frameworks",
					"@loader_path/Frameworks",
				);
				"LD_RUNPATH_SEARCH_PATHS[sdk=macosx*]" = (
					"@executable_path/../Frameworks",
					"@loader_path/Frameworks",
				);
				MARKETING_VERSION = 1.0;
				MODULE_VERIFIER_SUPPORTED_LANGUAGES = "objective-c objective-c++";
				MODULE_VERIFIER_SUPPORTED_LANGUAGE_STANDARDS = "gnu11 gnu++20";
				PRODUCT_BUNDLE_IDENTIFIER = com.colemancda.BluetoothAccessoryKit;
				PRODUCT_NAME = "$(TARGET_NAME:c99extidentifier)";
				SDKROOT = auto;
				SKIP_INSTALL = YES;
				SUPPORTED_PLATFORMS = "iphoneos iphonesimulator macosx";
				SWIFT_EMIT_LOC_STRINGS = YES;
				SWIFT_OPTIMIZATION_LEVEL = "-Onone";
				SWIFT_VERSION = 5.0;
				TARGETED_DEVICE_FAMILY = "1,2";
				VERSIONING_SYSTEM = "apple-generic";
				VERSION_INFO_PREFIX = "";
			};
			name = Debug;
		};
		6E2C9BB829CF5BF9002F1B28 /* Release */ = {
			isa = XCBuildConfiguration;
			buildSettings = {
				CLANG_ENABLE_MODULES = YES;
				CODE_SIGN_IDENTITY = "";
				CODE_SIGN_STYLE = Automatic;
				CURRENT_PROJECT_VERSION = 1;
				DEAD_CODE_STRIPPING = YES;
				DEFINES_MODULE = YES;
				DEVELOPMENT_TEAM = 4W79SG34MW;
				DYLIB_COMPATIBILITY_VERSION = 1;
				DYLIB_CURRENT_VERSION = 1;
				DYLIB_INSTALL_NAME_BASE = "@rpath";
				ENABLE_MODULE_VERIFIER = YES;
				GENERATE_INFOPLIST_FILE = YES;
				INFOPLIST_KEY_NSHumanReadableCopyright = "";
				INSTALL_PATH = "$(LOCAL_LIBRARY_DIR)/Frameworks";
				LD_RUNPATH_SEARCH_PATHS = (
					"@executable_path/Frameworks",
					"@loader_path/Frameworks",
				);
				"LD_RUNPATH_SEARCH_PATHS[sdk=macosx*]" = (
					"@executable_path/../Frameworks",
					"@loader_path/Frameworks",
				);
				MARKETING_VERSION = 1.0;
				MODULE_VERIFIER_SUPPORTED_LANGUAGES = "objective-c objective-c++";
				MODULE_VERIFIER_SUPPORTED_LANGUAGE_STANDARDS = "gnu11 gnu++20";
				PRODUCT_BUNDLE_IDENTIFIER = com.colemancda.BluetoothAccessoryKit;
				PRODUCT_NAME = "$(TARGET_NAME:c99extidentifier)";
				SDKROOT = auto;
				SKIP_INSTALL = YES;
				SUPPORTED_PLATFORMS = "iphoneos iphonesimulator macosx";
				SWIFT_EMIT_LOC_STRINGS = YES;
				SWIFT_VERSION = 5.0;
				TARGETED_DEVICE_FAMILY = "1,2";
				VERSIONING_SYSTEM = "apple-generic";
				VERSION_INFO_PREFIX = "";
			};
			name = Release;
		};
		6EA0748D2B95E72E00D31F54 /* Debug */ = {
			isa = XCBuildConfiguration;
			buildSettings = {
				ASSETCATALOG_COMPILER_APPICON_NAME = AppIcon;
				ASSETCATALOG_COMPILER_GLOBAL_ACCENT_COLOR_NAME = AccentColor;
				CODE_SIGN_ENTITLEMENTS = Clip/Clip.entitlements;
				CODE_SIGN_STYLE = Automatic;
				CURRENT_PROJECT_VERSION = 1;
				DEVELOPMENT_ASSET_PATHS = "\"Clip/Preview Content\"";
				DEVELOPMENT_TEAM = 4W79SG34MW;
				ENABLE_PREVIEWS = YES;
				GCC_C_LANGUAGE_STANDARD = gnu17;
				GENERATE_INFOPLIST_FILE = YES;
				INFOPLIST_FILE = Clip/Info.plist;
				INFOPLIST_KEY_CFBundleDisplayName = Accessory;
				INFOPLIST_KEY_LSApplicationCategoryType = "public.app-category.utilities";
				INFOPLIST_KEY_UIApplicationSceneManifest_Generation = YES;
				INFOPLIST_KEY_UIApplicationSupportsIndirectInputEvents = YES;
				INFOPLIST_KEY_UILaunchScreen_Generation = YES;
				INFOPLIST_KEY_UISupportedInterfaceOrientations_iPad = "UIInterfaceOrientationPortrait UIInterfaceOrientationPortraitUpsideDown UIInterfaceOrientationLandscapeLeft UIInterfaceOrientationLandscapeRight";
				INFOPLIST_KEY_UISupportedInterfaceOrientations_iPhone = "UIInterfaceOrientationPortrait UIInterfaceOrientationLandscapeLeft UIInterfaceOrientationLandscapeRight";
				IPHONEOS_DEPLOYMENT_TARGET = 17.0;
				LD_RUNPATH_SEARCH_PATHS = (
					"$(inherited)",
					"@executable_path/Frameworks",
				);
				LOCALIZATION_PREFERS_STRING_CATALOGS = YES;
				MARKETING_VERSION = 1.0;
				PRODUCT_BUNDLE_IDENTIFIER = com.colemancda.BluetoothAccessory.Clip;
				PRODUCT_NAME = "$(TARGET_NAME)";
				SDKROOT = iphoneos;
				SWIFT_ACTIVE_COMPILATION_CONDITIONS = "$(inherited) APPCLIP";
				SWIFT_EMIT_LOC_STRINGS = YES;
				SWIFT_VERSION = 5.0;
				TARGETED_DEVICE_FAMILY = "1,2";
			};
			name = Debug;
		};
		6EA0748E2B95E72E00D31F54 /* Release */ = {
			isa = XCBuildConfiguration;
			buildSettings = {
				ASSETCATALOG_COMPILER_APPICON_NAME = AppIcon;
				ASSETCATALOG_COMPILER_GLOBAL_ACCENT_COLOR_NAME = AccentColor;
				CODE_SIGN_ENTITLEMENTS = Clip/Clip.entitlements;
				CODE_SIGN_STYLE = Automatic;
				CURRENT_PROJECT_VERSION = 1;
				DEVELOPMENT_ASSET_PATHS = "\"Clip/Preview Content\"";
				DEVELOPMENT_TEAM = 4W79SG34MW;
				ENABLE_PREVIEWS = YES;
				GCC_C_LANGUAGE_STANDARD = gnu17;
				GENERATE_INFOPLIST_FILE = YES;
				INFOPLIST_FILE = Clip/Info.plist;
				INFOPLIST_KEY_CFBundleDisplayName = Accessory;
				INFOPLIST_KEY_LSApplicationCategoryType = "public.app-category.utilities";
				INFOPLIST_KEY_UIApplicationSceneManifest_Generation = YES;
				INFOPLIST_KEY_UIApplicationSupportsIndirectInputEvents = YES;
				INFOPLIST_KEY_UILaunchScreen_Generation = YES;
				INFOPLIST_KEY_UISupportedInterfaceOrientations_iPad = "UIInterfaceOrientationPortrait UIInterfaceOrientationPortraitUpsideDown UIInterfaceOrientationLandscapeLeft UIInterfaceOrientationLandscapeRight";
				INFOPLIST_KEY_UISupportedInterfaceOrientations_iPhone = "UIInterfaceOrientationPortrait UIInterfaceOrientationLandscapeLeft UIInterfaceOrientationLandscapeRight";
				IPHONEOS_DEPLOYMENT_TARGET = 17.0;
				LD_RUNPATH_SEARCH_PATHS = (
					"$(inherited)",
					"@executable_path/Frameworks",
				);
				LOCALIZATION_PREFERS_STRING_CATALOGS = YES;
				MARKETING_VERSION = 1.0;
				PRODUCT_BUNDLE_IDENTIFIER = com.colemancda.BluetoothAccessory.Clip;
				PRODUCT_NAME = "$(TARGET_NAME)";
				SDKROOT = iphoneos;
				SWIFT_ACTIVE_COMPILATION_CONDITIONS = "$(inherited) APPCLIP";
				SWIFT_EMIT_LOC_STRINGS = YES;
				SWIFT_VERSION = 5.0;
				TARGETED_DEVICE_FAMILY = "1,2";
				VALIDATE_PRODUCT = YES;
			};
			name = Release;
		};
/* End XCBuildConfiguration section */

/* Begin XCConfigurationList section */
		6E2C9B9229CF5AD2002F1B28 /* Build configuration list for PBXProject "BluetoothAccessory" */ = {
			isa = XCConfigurationList;
			buildConfigurations = (
				6E2C9BA429CF5AD3002F1B28 /* Debug */,
				6E2C9BA529CF5AD3002F1B28 /* Release */,
			);
			defaultConfigurationIsVisible = 0;
			defaultConfigurationName = Release;
		};
		6E2C9BA629CF5AD3002F1B28 /* Build configuration list for PBXNativeTarget "BluetoothAccessoryApp" */ = {
			isa = XCConfigurationList;
			buildConfigurations = (
				6E2C9BA729CF5AD3002F1B28 /* Debug */,
				6E2C9BA829CF5AD3002F1B28 /* Release */,
			);
			defaultConfigurationIsVisible = 0;
			defaultConfigurationName = Release;
		};
		6E2C9BB929CF5BF9002F1B28 /* Build configuration list for PBXNativeTarget "BluetoothAccessoryKit" */ = {
			isa = XCConfigurationList;
			buildConfigurations = (
				6E2C9BB729CF5BF9002F1B28 /* Debug */,
				6E2C9BB829CF5BF9002F1B28 /* Release */,
			);
			defaultConfigurationIsVisible = 0;
			defaultConfigurationName = Release;
		};
		6EA0748F2B95E72E00D31F54 /* Build configuration list for PBXNativeTarget "Clip" */ = {
			isa = XCConfigurationList;
			buildConfigurations = (
				6EA0748D2B95E72E00D31F54 /* Debug */,
				6EA0748E2B95E72E00D31F54 /* Release */,
			);
			defaultConfigurationIsVisible = 0;
			defaultConfigurationName = Release;
		};
/* End XCConfigurationList section */

/* Begin XCRemoteSwiftPackageReference section */
		6E2C9BC829CF6224002F1B28 /* XCRemoteSwiftPackageReference "SFSafeSymbols" */ = {
			isa = XCRemoteSwiftPackageReference;
			repositoryURL = "https://github.com/piknotech/SFSafeSymbols.git";
			requirement = {
				kind = upToNextMajorVersion;
				minimumVersion = 4.0.0;
			};
		};
		6E2C9BCE29CF62F3002F1B28 /* XCRemoteSwiftPackageReference "KeychainAccess" */ = {
			isa = XCRemoteSwiftPackageReference;
			repositoryURL = "https://github.com/kishikawakatsumi/KeychainAccess.git";
			requirement = {
				branch = master;
				kind = branch;
			};
		};
		6E2C9BD129CF6341002F1B28 /* XCRemoteSwiftPackageReference "CodeScanner" */ = {
			isa = XCRemoteSwiftPackageReference;
			repositoryURL = "https://github.com/twostraws/CodeScanner.git";
			requirement = {
				kind = upToNextMajorVersion;
				minimumVersion = 2.0.0;
			};
		};
		6E2C9BD429CF637D002F1B28 /* XCRemoteSwiftPackageReference "GATT" */ = {
			isa = XCRemoteSwiftPackageReference;
			repositoryURL = "https://github.com/PureSwift/GATT.git";
			requirement = {
				branch = master;
				kind = branch;
			};
		};
		6E8D1EA32AC11E12009ACD6D /* XCRemoteSwiftPackageReference "CoreModel" */ = {
			isa = XCRemoteSwiftPackageReference;
			repositoryURL = "https://github.com/PureSwift/CoreModel.git";
			requirement = {
				branch = master;
				kind = branch;
			};
		};
/* End XCRemoteSwiftPackageReference section */

/* Begin XCSwiftPackageProductDependency section */
		6E2C9BC329CF5EA5002F1B28 /* BluetoothAccessory */ = {
			isa = XCSwiftPackageProductDependency;
			productName = BluetoothAccessory;
		};
		6E2C9BC929CF6224002F1B28 /* SFSafeSymbols */ = {
			isa = XCSwiftPackageProductDependency;
			package = 6E2C9BC829CF6224002F1B28 /* XCRemoteSwiftPackageReference "SFSafeSymbols" */;
			productName = SFSafeSymbols;
		};
		6E2C9BCF29CF62F3002F1B28 /* KeychainAccess */ = {
			isa = XCSwiftPackageProductDependency;
			package = 6E2C9BCE29CF62F3002F1B28 /* XCRemoteSwiftPackageReference "KeychainAccess" */;
			productName = KeychainAccess;
		};
		6E2C9BD229CF6341002F1B28 /* CodeScanner */ = {
			isa = XCSwiftPackageProductDependency;
			package = 6E2C9BD129CF6341002F1B28 /* XCRemoteSwiftPackageReference "CodeScanner" */;
			productName = CodeScanner;
		};
		6E2C9BD529CF637D002F1B28 /* DarwinGATT */ = {
			isa = XCSwiftPackageProductDependency;
			package = 6E2C9BD429CF637D002F1B28 /* XCRemoteSwiftPackageReference "GATT" */;
			productName = DarwinGATT;
		};
		6E2C9BD729CF637D002F1B28 /* GATT */ = {
			isa = XCSwiftPackageProductDependency;
			package = 6E2C9BD429CF637D002F1B28 /* XCRemoteSwiftPackageReference "GATT" */;
			productName = GATT;
		};
		6E8D1EA42AC11E12009ACD6D /* CoreDataModel */ = {
			isa = XCSwiftPackageProductDependency;
			package = 6E8D1EA32AC11E12009ACD6D /* XCRemoteSwiftPackageReference "CoreModel" */;
			productName = CoreDataModel;
		};
		6E8D1EA62AC11E12009ACD6D /* CoreModel */ = {
			isa = XCSwiftPackageProductDependency;
			package = 6E8D1EA32AC11E12009ACD6D /* XCRemoteSwiftPackageReference "CoreModel" */;
			productName = CoreModel;
		};
		6EA074902B95E82700D31F54 /* BluetoothAccessory */ = {
			isa = XCSwiftPackageProductDependency;
			productName = BluetoothAccessory;
		};
		6EA074942B95E82700D31F54 /* KeychainAccess */ = {
			isa = XCSwiftPackageProductDependency;
			package = 6E2C9BCE29CF62F3002F1B28 /* XCRemoteSwiftPackageReference "KeychainAccess" */;
			productName = KeychainAccess;
		};
		6EA074962B95E82700D31F54 /* DarwinGATT */ = {
			isa = XCSwiftPackageProductDependency;
			package = 6E2C9BD429CF637D002F1B28 /* XCRemoteSwiftPackageReference "GATT" */;
			productName = DarwinGATT;
		};
		6EA074982B95E82700D31F54 /* GATT */ = {
			isa = XCSwiftPackageProductDependency;
			package = 6E2C9BD429CF637D002F1B28 /* XCRemoteSwiftPackageReference "GATT" */;
			productName = GATT;
		};
		6EA0749A2B95E82700D31F54 /* CoreDataModel */ = {
			isa = XCSwiftPackageProductDependency;
			package = 6E8D1EA32AC11E12009ACD6D /* XCRemoteSwiftPackageReference "CoreModel" */;
			productName = CoreDataModel;
		};
		6EA0749C2B95E82700D31F54 /* CoreModel */ = {
			isa = XCSwiftPackageProductDependency;
			package = 6E8D1EA32AC11E12009ACD6D /* XCRemoteSwiftPackageReference "CoreModel" */;
			productName = CoreModel;
		};
/* End XCSwiftPackageProductDependency section */
	};
	rootObject = 6E2C9B8F29CF5AD2002F1B28 /* Project object */;
}
